// !$*UTF8*$!
{
	archiveVersion = 1;
	classes = {
	};
	objectVersion = 56;
	objects = {

/* Begin PBXBuildFile section */
		5E0587732A938D1600447FC6 /* FeedCachTestHelpers.swift in Sources */ = {isa = PBXBuildFile; fileRef = 5E0587722A938D1600447FC6 /* FeedCachTestHelpers.swift */; };
		5E0587762A938EC400447FC6 /* SharedTestHelpers.swift in Sources */ = {isa = PBXBuildFile; fileRef = 5E0587752A938EC400447FC6 /* SharedTestHelpers.swift */; };
		5E0974DC2AA0D2ED0013F418 /* CoreDataHelpers.swift in Sources */ = {isa = PBXBuildFile; fileRef = 5E0974DB2AA0D2ED0013F418 /* CoreDataHelpers.swift */; };
		5E0974DE2AA0D3780013F418 /* ManagedCache.swift in Sources */ = {isa = PBXBuildFile; fileRef = 5E0974DD2AA0D3780013F418 /* ManagedCache.swift */; };
		5E0974E02AA0D3B30013F418 /* ManagedFeedImage.swift in Sources */ = {isa = PBXBuildFile; fileRef = 5E0974DF2AA0D3B30013F418 /* ManagedFeedImage.swift */; };
		5E0974E92AA470170013F418 /* EssentialFeed.framework in Frameworks */ = {isa = PBXBuildFile; fileRef = 5EEBCFA72A87D52000809580 /* EssentialFeed.framework */; };
		5E0974F02AA477370013F418 /* XCTestCase+MemoryLeakTracking.swift in Sources */ = {isa = PBXBuildFile; fileRef = 5EEBCFE22A87E39200809580 /* XCTestCase+MemoryLeakTracking.swift */; };
		5E0974F12AA481890013F418 /* FeedCachTestHelpers.swift in Sources */ = {isa = PBXBuildFile; fileRef = 5E0587722A938D1600447FC6 /* FeedCachTestHelpers.swift */; };
		5E0974F22AA4819E0013F418 /* SharedTestHelpers.swift in Sources */ = {isa = PBXBuildFile; fileRef = 5E0587752A938EC400447FC6 /* SharedTestHelpers.swift */; };
		5E1160D02AB2DEE5000DB7BA /* FeedPresenter.swift in Sources */ = {isa = PBXBuildFile; fileRef = 5E1160CF2AB2DEE5000DB7BA /* FeedPresenter.swift */; };
		5E1160DB2AB6E302000DB7BA /* FeedImagePresenter.swift in Sources */ = {isa = PBXBuildFile; fileRef = 5E1160DA2AB6E302000DB7BA /* FeedImagePresenter.swift */; };
		5E1160DF2AB730B8000DB7BA /* Feed.xcassets in Resources */ = {isa = PBXBuildFile; fileRef = 5E1160DE2AB730B8000DB7BA /* Feed.xcassets */; };
		5E1160E02AB73164000DB7BA /* Feed.storyboard in Resources */ = {isa = PBXBuildFile; fileRef = 5E1160DC2AB73061000DB7BA /* Feed.storyboard */; };
		5E1160E32AB74B0D000DB7BA /* UITableView+Dequeing.swift in Sources */ = {isa = PBXBuildFile; fileRef = 5E1160E22AB74B0D000DB7BA /* UITableView+Dequeing.swift */; };
		5E1160E52AB74BB3000DB7BA /* UIImage+Animation.swift in Sources */ = {isa = PBXBuildFile; fileRef = 5E1160E42AB74BB3000DB7BA /* UIImage+Animation.swift */; };
		5E1160E92AB84BB4000DB7BA /* FeedViewControllerTests+Localization.swift in Sources */ = {isa = PBXBuildFile; fileRef = 5E1160E82AB84BB4000DB7BA /* FeedViewControllerTests+Localization.swift */; };
		5E1160EC2AB84E27000DB7BA /* UIImage+TestHelpers.swift in Sources */ = {isa = PBXBuildFile; fileRef = 5E1160EB2AB84E27000DB7BA /* UIImage+TestHelpers.swift */; };
		5E1160ED2AB84EED000DB7BA /* Feed.strings in Resources */ = {isa = PBXBuildFile; fileRef = 5E1160EF2AB84EED000DB7BA /* Feed.strings */; };
		5E3A2BFE2A9B805C003EEA83 /* FeedStoreSpecs.swift in Sources */ = {isa = PBXBuildFile; fileRef = 5E3A2BFD2A9B805C003EEA83 /* FeedStoreSpecs.swift */; };
		5E3A2C002A9B812B003EEA83 /* XCTestCase+FeedStoreSpecs.swift in Sources */ = {isa = PBXBuildFile; fileRef = 5E3A2BFF2A9B812B003EEA83 /* XCTestCase+FeedStoreSpecs.swift */; };
		5E3A2CC42A9F2479003EEA83 /* CoreDataFeedStoreTests.swift in Sources */ = {isa = PBXBuildFile; fileRef = 5E3A2CC32A9F2479003EEA83 /* CoreDataFeedStoreTests.swift */; };
		5E3A2CCC2A9F6B78003EEA83 /* CoreDataFeedStore.swift in Sources */ = {isa = PBXBuildFile; fileRef = 5E3A2CC82A9F2DB1003EEA83 /* CoreDataFeedStore.swift */; };
		5E3A2CCD2A9F6DFD003EEA83 /* FeedStore.xcdatamodeld in Sources */ = {isa = PBXBuildFile; fileRef = 5E3A2CC52A9F2B07003EEA83 /* FeedStore.xcdatamodeld */; };
		5E621B822AA8AA4800051014 /* EssentialFeediOS.docc in Sources */ = {isa = PBXBuildFile; fileRef = 5E621B812AA8AA4800051014 /* EssentialFeediOS.docc */; };
		5E621B882AA8AA4900051014 /* EssentialFeediOS.framework in Frameworks */ = {isa = PBXBuildFile; fileRef = 5E621B7E2AA8AA4800051014 /* EssentialFeediOS.framework */; };
		5E63B03E2A91FF5A00D38CC7 /* LoadFeedFromCacheUseCaseTests.swift in Sources */ = {isa = PBXBuildFile; fileRef = 5E63B03D2A91FF5A00D38CC7 /* LoadFeedFromCacheUseCaseTests.swift */; };
		5E63B0402A92004700D38CC7 /* FeedStoreSpy.swift in Sources */ = {isa = PBXBuildFile; fileRef = 5E63B03F2A92004700D38CC7 /* FeedStoreSpy.swift */; };
		5E8ECC1D2A8907CB00805486 /* README.md in Resources */ = {isa = PBXBuildFile; fileRef = 5E8ECC1C2A8907CB00805486 /* README.md */; };
		5E8ECC232A8CDD6500805486 /* CacheFeedUseCaseTests.swift in Sources */ = {isa = PBXBuildFile; fileRef = 5E8ECC222A8CDD6500805486 /* CacheFeedUseCaseTests.swift */; };
		5E8F8F332AADFB3700551CEB /* FeedImageCell.swift in Sources */ = {isa = PBXBuildFile; fileRef = 5E8F8F322AADFB3700551CEB /* FeedImageCell.swift */; };
		5E8F8F352AAF029600551CEB /* UIView+Shimmering.swift in Sources */ = {isa = PBXBuildFile; fileRef = 5E8F8F342AAF029600551CEB /* UIView+Shimmering.swift */; };
		5E8F8F3C2AAF6F5800551CEB /* EssentialFeedCacheIntegrationTests.swift in Sources */ = {isa = PBXBuildFile; fileRef = 5E0974E72AA470170013F418 /* EssentialFeedCacheIntegrationTests.swift */; };
		5E8F8F432AB053E200551CEB /* FeedImageDataLoader.swift in Sources */ = {isa = PBXBuildFile; fileRef = 5E8F8F422AB053E200551CEB /* FeedImageDataLoader.swift */; };
		5E8F8F472AB0681B00551CEB /* FeedImageCellController.swift in Sources */ = {isa = PBXBuildFile; fileRef = 5E8F8F462AB0681B00551CEB /* FeedImageCellController.swift */; };
		5E8F8F492AB0690500551CEB /* UIRefreshControl+TestHelpers.swift in Sources */ = {isa = PBXBuildFile; fileRef = 5E8F8F482AB0690500551CEB /* UIRefreshControl+TestHelpers.swift */; };
		5E8F8F4B2AB0697500551CEB /* UIButton+TestHelper.swift in Sources */ = {isa = PBXBuildFile; fileRef = 5E8F8F4A2AB0697500551CEB /* UIButton+TestHelper.swift */; };
		5E8F8F4D2AB069F400551CEB /* UIControl+TestHelper.swift in Sources */ = {isa = PBXBuildFile; fileRef = 5E8F8F4C2AB069F400551CEB /* UIControl+TestHelper.swift */; };
		5E8F8F502AB06AB600551CEB /* FeedViewController+TestHelpers.swift in Sources */ = {isa = PBXBuildFile; fileRef = 5E8F8F4F2AB06AB600551CEB /* FeedViewController+TestHelpers.swift */; };
		5E8F8F522AB06B8A00551CEB /* FeedImageCell+TestHelpers.swift in Sources */ = {isa = PBXBuildFile; fileRef = 5E8F8F512AB06B8A00551CEB /* FeedImageCell+TestHelpers.swift */; };
		5E8F8F542AB06C1F00551CEB /* FeedViewControllerTests+LoaderSpy.swift in Sources */ = {isa = PBXBuildFile; fileRef = 5E8F8F532AB06C1F00551CEB /* FeedViewControllerTests+LoaderSpy.swift */; };
		5E8F8F562AB06CDD00551CEB /* FeedViewControllerTests+Assertions.swift in Sources */ = {isa = PBXBuildFile; fileRef = 5E8F8F552AB06CDD00551CEB /* FeedViewControllerTests+Assertions.swift */; };
		5E8F8F592AB07DBA00551CEB /* FeedUIComposer.swift in Sources */ = {isa = PBXBuildFile; fileRef = 5E8F8F582AB07DBA00551CEB /* FeedUIComposer.swift */; };
		5E8F8F5E2AB1C53B00551CEB /* FeedImageViewModel.swift in Sources */ = {isa = PBXBuildFile; fileRef = 5E8F8F5D2AB1C53B00551CEB /* FeedImageViewModel.swift */; };
		5EB93CE62AA9E93C00FC38FA /* FeedViewController.swift in Sources */ = {isa = PBXBuildFile; fileRef = 5EB93CE52AA9E93C00FC38FA /* FeedViewController.swift */; };
		5EC6A87F2A94A59600D34D8C /* FeedCachePolicy.swift in Sources */ = {isa = PBXBuildFile; fileRef = 5EC6A87E2A94A59600D34D8C /* FeedCachePolicy.swift */; };
		5ECCCD4A2A93825F007B823A /* ValidateFeedcacheUseCaseTests.swift in Sources */ = {isa = PBXBuildFile; fileRef = 5ECCCD492A93825F007B823A /* ValidateFeedcacheUseCaseTests.swift */; };
		5EE29E1B2AA9BD3100873C3F /* FeedUIIntegrationTests.swift in Sources */ = {isa = PBXBuildFile; fileRef = 5EE29E1A2AA9BD3100873C3F /* FeedUIIntegrationTests.swift */; };
		5EE29E1D2AA9C39000873C3F /* EssentialFeed.framework in Frameworks */ = {isa = PBXBuildFile; fileRef = 5EEBCFA72A87D52000809580 /* EssentialFeed.framework */; platformFilter = ios; };
		5EE29E232AA9C7AD00873C3F /* XCTestCase+MemoryLeakTracking.swift in Sources */ = {isa = PBXBuildFile; fileRef = 5EEBCFE22A87E39200809580 /* XCTestCase+MemoryLeakTracking.swift */; };
		5EEBCFAC2A87D52000809580 /* EssentialFeed.docc in Sources */ = {isa = PBXBuildFile; fileRef = 5EEBCFAB2A87D52000809580 /* EssentialFeed.docc */; };
		5EEBCFB22A87D52000809580 /* EssentialFeed.framework in Frameworks */ = {isa = PBXBuildFile; fileRef = 5EEBCFA72A87D52000809580 /* EssentialFeed.framework */; };
		5EEBCFB82A87D52000809580 /* EssentialFeed.h in Headers */ = {isa = PBXBuildFile; fileRef = 5EEBCFAA2A87D52000809580 /* EssentialFeed.h */; settings = {ATTRIBUTES = (Public, ); }; };
		5EEBCFC22A87D5AF00809580 /* FeedImage.swift in Sources */ = {isa = PBXBuildFile; fileRef = 5EEBCFC12A87D5AF00809580 /* FeedImage.swift */; };
		5EEBCFC42A87D74800809580 /* FeedLoader.swift in Sources */ = {isa = PBXBuildFile; fileRef = 5EEBCFC32A87D74800809580 /* FeedLoader.swift */; };
		5EEBCFCD2A87D9FF00809580 /* EssentialFeedAPIEndToEndTests.swift in Sources */ = {isa = PBXBuildFile; fileRef = 5EEBCFCC2A87D9FF00809580 /* EssentialFeedAPIEndToEndTests.swift */; };
		5EEBCFCE2A87D9FF00809580 /* EssentialFeed.framework in Frameworks */ = {isa = PBXBuildFile; fileRef = 5EEBCFA72A87D52000809580 /* EssentialFeed.framework */; };
		5EEBCFD52A87DC7C00809580 /* LoadFeedFromRemoteUseCaseTests.swift in Sources */ = {isa = PBXBuildFile; fileRef = 5EEBCFD42A87DC7C00809580 /* LoadFeedFromRemoteUseCaseTests.swift */; };
		5EEBCFD82A87E25C00809580 /* RemoteFeedLoader.swift in Sources */ = {isa = PBXBuildFile; fileRef = 5EEBCFD72A87E25C00809580 /* RemoteFeedLoader.swift */; };
		5EEBCFDC2A87E2D700809580 /* HTTPClient.swift in Sources */ = {isa = PBXBuildFile; fileRef = 5EEBCFD92A87E2D700809580 /* HTTPClient.swift */; };
		5EEBCFDD2A87E2D700809580 /* FeedItemMapper.swift in Sources */ = {isa = PBXBuildFile; fileRef = 5EEBCFDA2A87E2D700809580 /* FeedItemMapper.swift */; };
		5EEBCFDE2A87E2D700809580 /* URLSessionHTTPClient.swift in Sources */ = {isa = PBXBuildFile; fileRef = 5EEBCFDB2A87E2D700809580 /* URLSessionHTTPClient.swift */; };
		5EEBCFE02A87E36700809580 /* URLSessionHTTPClientTests.swift in Sources */ = {isa = PBXBuildFile; fileRef = 5EEBCFDF2A87E36700809580 /* URLSessionHTTPClientTests.swift */; };
		5EEBCFE32A87E39200809580 /* XCTestCase+MemoryLeakTracking.swift in Sources */ = {isa = PBXBuildFile; fileRef = 5EEBCFE22A87E39200809580 /* XCTestCase+MemoryLeakTracking.swift */; };
		5EEBCFE62A88C24400809580 /* XCTestCase+MemoryLeakTracking.swift in Sources */ = {isa = PBXBuildFile; fileRef = 5EEBCFE22A87E39200809580 /* XCTestCase+MemoryLeakTracking.swift */; };
		5EEBCFEB2A88D27D00809580 /* EssentialFeed.xctestplan in Resources */ = {isa = PBXBuildFile; fileRef = 5EEBCFEA2A88D27D00809580 /* EssentialFeed.xctestplan */; };
		5EEE88752A8E428600481BB9 /* LocalFeedLoader.swift in Sources */ = {isa = PBXBuildFile; fileRef = 5EEE88742A8E428600481BB9 /* LocalFeedLoader.swift */; };
		5EEE88772A8E44D500481BB9 /* FeedStore.swift in Sources */ = {isa = PBXBuildFile; fileRef = 5EEE88762A8E44D500481BB9 /* FeedStore.swift */; };
		5EEE88792A8EA81600481BB9 /* RemoteFedItem.swift in Sources */ = {isa = PBXBuildFile; fileRef = 5EEE88782A8EA81600481BB9 /* RemoteFedItem.swift */; };
		5EEE887B2A8EA86600481BB9 /* LocalFeedImage.swift in Sources */ = {isa = PBXBuildFile; fileRef = 5EEE887A2A8EA86600481BB9 /* LocalFeedImage.swift */; };
/* End PBXBuildFile section */

/* Begin PBXContainerItemProxy section */
		5E0974EA2AA470170013F418 /* PBXContainerItemProxy */ = {
			isa = PBXContainerItemProxy;
			containerPortal = 5EEBCF9E2A87D52000809580 /* Project object */;
			proxyType = 1;
			remoteGlobalIDString = 5EEBCFA62A87D52000809580;
			remoteInfo = EssentialFeed;
		};
		5E621B892AA8AA4900051014 /* PBXContainerItemProxy */ = {
			isa = PBXContainerItemProxy;
			containerPortal = 5EEBCF9E2A87D52000809580 /* Project object */;
			proxyType = 1;
			remoteGlobalIDString = 5E621B7D2AA8AA4700051014;
			remoteInfo = EssentialFeediOS;
		};
		5EE29E1F2AA9C39000873C3F /* PBXContainerItemProxy */ = {
			isa = PBXContainerItemProxy;
			containerPortal = 5EEBCF9E2A87D52000809580 /* Project object */;
			proxyType = 1;
			remoteGlobalIDString = 5EEBCFA62A87D52000809580;
			remoteInfo = EssentialFeed;
		};
		5EEBCFB32A87D52000809580 /* PBXContainerItemProxy */ = {
			isa = PBXContainerItemProxy;
			containerPortal = 5EEBCF9E2A87D52000809580 /* Project object */;
			proxyType = 1;
			remoteGlobalIDString = 5EEBCFA62A87D52000809580;
			remoteInfo = EssentialFeed;
		};
		5EEBCFCF2A87D9FF00809580 /* PBXContainerItemProxy */ = {
			isa = PBXContainerItemProxy;
			containerPortal = 5EEBCF9E2A87D52000809580 /* Project object */;
			proxyType = 1;
			remoteGlobalIDString = 5EEBCFA62A87D52000809580;
			remoteInfo = EssentialFeed;
		};
/* End PBXContainerItemProxy section */

/* Begin PBXFileReference section */
		5E0587722A938D1600447FC6 /* FeedCachTestHelpers.swift */ = {isa = PBXFileReference; lastKnownFileType = sourcecode.swift; path = FeedCachTestHelpers.swift; sourceTree = "<group>"; };
		5E0587752A938EC400447FC6 /* SharedTestHelpers.swift */ = {isa = PBXFileReference; lastKnownFileType = sourcecode.swift; path = SharedTestHelpers.swift; sourceTree = "<group>"; };
		5E0974DB2AA0D2ED0013F418 /* CoreDataHelpers.swift */ = {isa = PBXFileReference; lastKnownFileType = sourcecode.swift; path = CoreDataHelpers.swift; sourceTree = "<group>"; };
		5E0974DD2AA0D3780013F418 /* ManagedCache.swift */ = {isa = PBXFileReference; lastKnownFileType = sourcecode.swift; path = ManagedCache.swift; sourceTree = "<group>"; };
		5E0974DF2AA0D3B30013F418 /* ManagedFeedImage.swift */ = {isa = PBXFileReference; lastKnownFileType = sourcecode.swift; path = ManagedFeedImage.swift; sourceTree = "<group>"; };
		5E0974E52AA470170013F418 /* EssentialFeedCacheIntegrationTests.xctest */ = {isa = PBXFileReference; explicitFileType = wrapper.cfbundle; includeInIndex = 0; path = EssentialFeedCacheIntegrationTests.xctest; sourceTree = BUILT_PRODUCTS_DIR; };
		5E0974E72AA470170013F418 /* EssentialFeedCacheIntegrationTests.swift */ = {isa = PBXFileReference; lastKnownFileType = sourcecode.swift; path = EssentialFeedCacheIntegrationTests.swift; sourceTree = "<group>"; };
		5E0974EF2AA4708D0013F418 /* EssentialFeedCacheIntegrationTests.xctestplan */ = {isa = PBXFileReference; lastKnownFileType = text; path = EssentialFeedCacheIntegrationTests.xctestplan; sourceTree = "<group>"; };
		5E1160CF2AB2DEE5000DB7BA /* FeedPresenter.swift */ = {isa = PBXFileReference; lastKnownFileType = sourcecode.swift; path = FeedPresenter.swift; sourceTree = "<group>"; };
		5E1160DA2AB6E302000DB7BA /* FeedImagePresenter.swift */ = {isa = PBXFileReference; lastKnownFileType = sourcecode.swift; path = FeedImagePresenter.swift; sourceTree = "<group>"; };
		5E1160DC2AB73061000DB7BA /* Feed.storyboard */ = {isa = PBXFileReference; lastKnownFileType = file.storyboard; path = Feed.storyboard; sourceTree = "<group>"; };
		5E1160DE2AB730B8000DB7BA /* Feed.xcassets */ = {isa = PBXFileReference; lastKnownFileType = folder.assetcatalog; path = Feed.xcassets; sourceTree = "<group>"; };
		5E1160E12AB748FA000DB7BA /* EssentialFeediOS.xctestplan */ = {isa = PBXFileReference; lastKnownFileType = text; path = EssentialFeediOS.xctestplan; sourceTree = "<group>"; };
		5E1160E22AB74B0D000DB7BA /* UITableView+Dequeing.swift */ = {isa = PBXFileReference; lastKnownFileType = sourcecode.swift; path = "UITableView+Dequeing.swift"; sourceTree = "<group>"; };
		5E1160E42AB74BB3000DB7BA /* UIImage+Animation.swift */ = {isa = PBXFileReference; lastKnownFileType = sourcecode.swift; path = "UIImage+Animation.swift"; sourceTree = "<group>"; };
		5E1160E82AB84BB4000DB7BA /* FeedViewControllerTests+Localization.swift */ = {isa = PBXFileReference; lastKnownFileType = sourcecode.swift; path = "FeedViewControllerTests+Localization.swift"; sourceTree = "<group>"; };
		5E1160EB2AB84E27000DB7BA /* UIImage+TestHelpers.swift */ = {isa = PBXFileReference; lastKnownFileType = sourcecode.swift; path = "UIImage+TestHelpers.swift"; sourceTree = "<group>"; };
		5E1160EE2AB84EED000DB7BA /* en */ = {isa = PBXFileReference; lastKnownFileType = text.plist.strings; name = en; path = en.lproj/Feed.strings; sourceTree = "<group>"; };
		5E1160F02AB84FD6000DB7BA /* pt-BR */ = {isa = PBXFileReference; lastKnownFileType = text.plist.strings; name = "pt-BR"; path = "pt-BR.lproj/Feed.strings"; sourceTree = "<group>"; };
		5E3A2BFD2A9B805C003EEA83 /* FeedStoreSpecs.swift */ = {isa = PBXFileReference; lastKnownFileType = sourcecode.swift; path = FeedStoreSpecs.swift; sourceTree = "<group>"; };
		5E3A2BFF2A9B812B003EEA83 /* XCTestCase+FeedStoreSpecs.swift */ = {isa = PBXFileReference; lastKnownFileType = sourcecode.swift; path = "XCTestCase+FeedStoreSpecs.swift"; sourceTree = "<group>"; };
		5E3A2CC32A9F2479003EEA83 /* CoreDataFeedStoreTests.swift */ = {isa = PBXFileReference; lastKnownFileType = sourcecode.swift; path = CoreDataFeedStoreTests.swift; sourceTree = "<group>"; };
		5E3A2CC62A9F2B07003EEA83 /* FeedStore.xcdatamodel */ = {isa = PBXFileReference; lastKnownFileType = wrapper.xcdatamodel; path = FeedStore.xcdatamodel; sourceTree = "<group>"; };
		5E3A2CC82A9F2DB1003EEA83 /* CoreDataFeedStore.swift */ = {isa = PBXFileReference; lastKnownFileType = sourcecode.swift; path = CoreDataFeedStore.swift; sourceTree = "<group>"; };
		5E621B782AA8A06300051014 /* EssentialFeedAPIEndToEndTests.xctestplan */ = {isa = PBXFileReference; lastKnownFileType = text; path = EssentialFeedAPIEndToEndTests.xctestplan; sourceTree = "<group>"; };
		5E621B7E2AA8AA4800051014 /* EssentialFeediOS.framework */ = {isa = PBXFileReference; explicitFileType = wrapper.framework; includeInIndex = 0; path = EssentialFeediOS.framework; sourceTree = BUILT_PRODUCTS_DIR; };
		5E621B812AA8AA4800051014 /* EssentialFeediOS.docc */ = {isa = PBXFileReference; lastKnownFileType = folder.documentationcatalog; path = EssentialFeediOS.docc; sourceTree = "<group>"; };
		5E621B872AA8AA4800051014 /* EssentialFeediOSTests.xctest */ = {isa = PBXFileReference; explicitFileType = wrapper.cfbundle; includeInIndex = 0; path = EssentialFeediOSTests.xctest; sourceTree = BUILT_PRODUCTS_DIR; };
		5E63B03D2A91FF5A00D38CC7 /* LoadFeedFromCacheUseCaseTests.swift */ = {isa = PBXFileReference; lastKnownFileType = sourcecode.swift; path = LoadFeedFromCacheUseCaseTests.swift; sourceTree = "<group>"; };
		5E63B03F2A92004700D38CC7 /* FeedStoreSpy.swift */ = {isa = PBXFileReference; lastKnownFileType = sourcecode.swift; path = FeedStoreSpy.swift; sourceTree = "<group>"; };
		5E8ECC1C2A8907CB00805486 /* README.md */ = {isa = PBXFileReference; fileEncoding = 4; lastKnownFileType = net.daringfireball.markdown; path = README.md; sourceTree = "<group>"; };
		5E8ECC222A8CDD6500805486 /* CacheFeedUseCaseTests.swift */ = {isa = PBXFileReference; lastKnownFileType = sourcecode.swift; path = CacheFeedUseCaseTests.swift; sourceTree = "<group>"; };
		5E8F8F322AADFB3700551CEB /* FeedImageCell.swift */ = {isa = PBXFileReference; lastKnownFileType = sourcecode.swift; path = FeedImageCell.swift; sourceTree = "<group>"; };
		5E8F8F342AAF029600551CEB /* UIView+Shimmering.swift */ = {isa = PBXFileReference; lastKnownFileType = sourcecode.swift; path = "UIView+Shimmering.swift"; sourceTree = "<group>"; };
		5E8F8F422AB053E200551CEB /* FeedImageDataLoader.swift */ = {isa = PBXFileReference; lastKnownFileType = sourcecode.swift; path = FeedImageDataLoader.swift; sourceTree = "<group>"; };
		5E8F8F462AB0681B00551CEB /* FeedImageCellController.swift */ = {isa = PBXFileReference; lastKnownFileType = sourcecode.swift; path = FeedImageCellController.swift; sourceTree = "<group>"; };
		5E8F8F482AB0690500551CEB /* UIRefreshControl+TestHelpers.swift */ = {isa = PBXFileReference; lastKnownFileType = sourcecode.swift; path = "UIRefreshControl+TestHelpers.swift"; sourceTree = "<group>"; };
		5E8F8F4A2AB0697500551CEB /* UIButton+TestHelper.swift */ = {isa = PBXFileReference; lastKnownFileType = sourcecode.swift; path = "UIButton+TestHelper.swift"; sourceTree = "<group>"; };
		5E8F8F4C2AB069F400551CEB /* UIControl+TestHelper.swift */ = {isa = PBXFileReference; lastKnownFileType = sourcecode.swift; path = "UIControl+TestHelper.swift"; sourceTree = "<group>"; };
		5E8F8F4F2AB06AB600551CEB /* FeedViewController+TestHelpers.swift */ = {isa = PBXFileReference; lastKnownFileType = sourcecode.swift; path = "FeedViewController+TestHelpers.swift"; sourceTree = "<group>"; };
		5E8F8F512AB06B8A00551CEB /* FeedImageCell+TestHelpers.swift */ = {isa = PBXFileReference; lastKnownFileType = sourcecode.swift; path = "FeedImageCell+TestHelpers.swift"; sourceTree = "<group>"; };
		5E8F8F532AB06C1F00551CEB /* FeedViewControllerTests+LoaderSpy.swift */ = {isa = PBXFileReference; lastKnownFileType = sourcecode.swift; path = "FeedViewControllerTests+LoaderSpy.swift"; sourceTree = "<group>"; };
		5E8F8F552AB06CDD00551CEB /* FeedViewControllerTests+Assertions.swift */ = {isa = PBXFileReference; lastKnownFileType = sourcecode.swift; path = "FeedViewControllerTests+Assertions.swift"; sourceTree = "<group>"; };
		5E8F8F582AB07DBA00551CEB /* FeedUIComposer.swift */ = {isa = PBXFileReference; lastKnownFileType = sourcecode.swift; path = FeedUIComposer.swift; sourceTree = "<group>"; };
		5E8F8F5D2AB1C53B00551CEB /* FeedImageViewModel.swift */ = {isa = PBXFileReference; lastKnownFileType = sourcecode.swift; path = FeedImageViewModel.swift; sourceTree = "<group>"; };
		5EB7EE022AB23A86001BBBB7 /* CI_macOS.xctestplan */ = {isa = PBXFileReference; lastKnownFileType = text; path = CI_macOS.xctestplan; sourceTree = "<group>"; };
		5EB93CE52AA9E93C00FC38FA /* FeedViewController.swift */ = {isa = PBXFileReference; lastKnownFileType = sourcecode.swift; path = FeedViewController.swift; sourceTree = "<group>"; };
		5EC6A87E2A94A59600D34D8C /* FeedCachePolicy.swift */ = {isa = PBXFileReference; lastKnownFileType = sourcecode.swift; path = FeedCachePolicy.swift; sourceTree = "<group>"; };
		5ECCCD492A93825F007B823A /* ValidateFeedcacheUseCaseTests.swift */ = {isa = PBXFileReference; lastKnownFileType = sourcecode.swift; path = ValidateFeedcacheUseCaseTests.swift; sourceTree = "<group>"; };
		5EE29E172AA8BE5500873C3F /* CI_iOS.xctestplan */ = {isa = PBXFileReference; lastKnownFileType = text; path = CI_iOS.xctestplan; sourceTree = "<group>"; };
		5EE29E1A2AA9BD3100873C3F /* FeedUIIntegrationTests.swift */ = {isa = PBXFileReference; lastKnownFileType = sourcecode.swift; path = FeedUIIntegrationTests.swift; sourceTree = "<group>"; };
		5EEBCFA72A87D52000809580 /* EssentialFeed.framework */ = {isa = PBXFileReference; explicitFileType = wrapper.framework; includeInIndex = 0; path = EssentialFeed.framework; sourceTree = BUILT_PRODUCTS_DIR; };
		5EEBCFAA2A87D52000809580 /* EssentialFeed.h */ = {isa = PBXFileReference; lastKnownFileType = sourcecode.c.h; path = EssentialFeed.h; sourceTree = "<group>"; };
		5EEBCFAB2A87D52000809580 /* EssentialFeed.docc */ = {isa = PBXFileReference; lastKnownFileType = folder.documentationcatalog; path = EssentialFeed.docc; sourceTree = "<group>"; };
		5EEBCFB12A87D52000809580 /* EssentialFeedTests.xctest */ = {isa = PBXFileReference; explicitFileType = wrapper.cfbundle; includeInIndex = 0; path = EssentialFeedTests.xctest; sourceTree = BUILT_PRODUCTS_DIR; };
		5EEBCFC12A87D5AF00809580 /* FeedImage.swift */ = {isa = PBXFileReference; lastKnownFileType = sourcecode.swift; path = FeedImage.swift; sourceTree = "<group>"; };
		5EEBCFC32A87D74800809580 /* FeedLoader.swift */ = {isa = PBXFileReference; lastKnownFileType = sourcecode.swift; path = FeedLoader.swift; sourceTree = "<group>"; };
		5EEBCFCA2A87D9FF00809580 /* EssentialFeedAPIEndToEndTests.xctest */ = {isa = PBXFileReference; explicitFileType = wrapper.cfbundle; includeInIndex = 0; path = EssentialFeedAPIEndToEndTests.xctest; sourceTree = BUILT_PRODUCTS_DIR; };
		5EEBCFCC2A87D9FF00809580 /* EssentialFeedAPIEndToEndTests.swift */ = {isa = PBXFileReference; lastKnownFileType = sourcecode.swift; path = EssentialFeedAPIEndToEndTests.swift; sourceTree = "<group>"; };
		5EEBCFD42A87DC7C00809580 /* LoadFeedFromRemoteUseCaseTests.swift */ = {isa = PBXFileReference; lastKnownFileType = sourcecode.swift; path = LoadFeedFromRemoteUseCaseTests.swift; sourceTree = "<group>"; };
		5EEBCFD72A87E25C00809580 /* RemoteFeedLoader.swift */ = {isa = PBXFileReference; lastKnownFileType = sourcecode.swift; path = RemoteFeedLoader.swift; sourceTree = "<group>"; };
		5EEBCFD92A87E2D700809580 /* HTTPClient.swift */ = {isa = PBXFileReference; fileEncoding = 4; lastKnownFileType = sourcecode.swift; path = HTTPClient.swift; sourceTree = "<group>"; };
		5EEBCFDA2A87E2D700809580 /* FeedItemMapper.swift */ = {isa = PBXFileReference; fileEncoding = 4; lastKnownFileType = sourcecode.swift; path = FeedItemMapper.swift; sourceTree = "<group>"; };
		5EEBCFDB2A87E2D700809580 /* URLSessionHTTPClient.swift */ = {isa = PBXFileReference; fileEncoding = 4; lastKnownFileType = sourcecode.swift; path = URLSessionHTTPClient.swift; sourceTree = "<group>"; };
		5EEBCFDF2A87E36700809580 /* URLSessionHTTPClientTests.swift */ = {isa = PBXFileReference; fileEncoding = 4; lastKnownFileType = sourcecode.swift; path = URLSessionHTTPClientTests.swift; sourceTree = "<group>"; };
		5EEBCFE22A87E39200809580 /* XCTestCase+MemoryLeakTracking.swift */ = {isa = PBXFileReference; fileEncoding = 4; lastKnownFileType = sourcecode.swift; path = "XCTestCase+MemoryLeakTracking.swift"; sourceTree = "<group>"; };
		5EEBCFEA2A88D27D00809580 /* EssentialFeed.xctestplan */ = {isa = PBXFileReference; fileEncoding = 4; lastKnownFileType = text; path = EssentialFeed.xctestplan; sourceTree = "<group>"; };
		5EEE88742A8E428600481BB9 /* LocalFeedLoader.swift */ = {isa = PBXFileReference; lastKnownFileType = sourcecode.swift; path = LocalFeedLoader.swift; sourceTree = "<group>"; };
		5EEE88762A8E44D500481BB9 /* FeedStore.swift */ = {isa = PBXFileReference; lastKnownFileType = sourcecode.swift; path = FeedStore.swift; sourceTree = "<group>"; };
		5EEE88782A8EA81600481BB9 /* RemoteFedItem.swift */ = {isa = PBXFileReference; lastKnownFileType = sourcecode.swift; path = RemoteFedItem.swift; sourceTree = "<group>"; };
		5EEE887A2A8EA86600481BB9 /* LocalFeedImage.swift */ = {isa = PBXFileReference; lastKnownFileType = sourcecode.swift; path = LocalFeedImage.swift; sourceTree = "<group>"; };
/* End PBXFileReference section */

/* Begin PBXFrameworksBuildPhase section */
		5E0974E22AA470170013F418 /* Frameworks */ = {
			isa = PBXFrameworksBuildPhase;
			buildActionMask = 2147483647;
			files = (
				5E0974E92AA470170013F418 /* EssentialFeed.framework in Frameworks */,
			);
			runOnlyForDeploymentPostprocessing = 0;
		};
		5E621B7B2AA8AA4700051014 /* Frameworks */ = {
			isa = PBXFrameworksBuildPhase;
			buildActionMask = 2147483647;
			files = (
				5EE29E1D2AA9C39000873C3F /* EssentialFeed.framework in Frameworks */,
			);
			runOnlyForDeploymentPostprocessing = 0;
		};
		5E621B842AA8AA4800051014 /* Frameworks */ = {
			isa = PBXFrameworksBuildPhase;
			buildActionMask = 2147483647;
			files = (
				5E621B882AA8AA4900051014 /* EssentialFeediOS.framework in Frameworks */,
			);
			runOnlyForDeploymentPostprocessing = 0;
		};
		5EEBCFA42A87D52000809580 /* Frameworks */ = {
			isa = PBXFrameworksBuildPhase;
			buildActionMask = 2147483647;
			files = (
			);
			runOnlyForDeploymentPostprocessing = 0;
		};
		5EEBCFAE2A87D52000809580 /* Frameworks */ = {
			isa = PBXFrameworksBuildPhase;
			buildActionMask = 2147483647;
			files = (
				5EEBCFB22A87D52000809580 /* EssentialFeed.framework in Frameworks */,
			);
			runOnlyForDeploymentPostprocessing = 0;
		};
		5EEBCFC72A87D9FF00809580 /* Frameworks */ = {
			isa = PBXFrameworksBuildPhase;
			buildActionMask = 2147483647;
			files = (
				5EEBCFCE2A87D9FF00809580 /* EssentialFeed.framework in Frameworks */,
			);
			runOnlyForDeploymentPostprocessing = 0;
		};
/* End PBXFrameworksBuildPhase section */

/* Begin PBXGroup section */
		5E0587742A938EA000447FC6 /* Helpers */ = {
			isa = PBXGroup;
			children = (
				5E0587722A938D1600447FC6 /* FeedCachTestHelpers.swift */,
				5E63B03F2A92004700D38CC7 /* FeedStoreSpy.swift */,
			);
			path = Helpers;
			sourceTree = "<group>";
		};
		5E0974DA2AA0D1990013F418 /* Infrastructure */ = {
			isa = PBXGroup;
			children = (
				5E37C2EF2AA4B2ED00ECD739 /* CoreData */,
			);
			path = Infrastructure;
			sourceTree = "<group>";
		};
		5E0974E62AA470170013F418 /* EssentialFeedCacheIntegrationTests */ = {
			isa = PBXGroup;
			children = (
				5E0974E72AA470170013F418 /* EssentialFeedCacheIntegrationTests.swift */,
			);
			path = EssentialFeedCacheIntegrationTests;
			sourceTree = "<group>";
		};
		5E1160EA2AB84D80000DB7BA /* Feed UI */ = {
			isa = PBXGroup;
			children = (
				5E8F8F4E2AB06A9800551CEB /* Helpers */,
				5EE29E1A2AA9BD3100873C3F /* FeedUIIntegrationTests.swift */,
			);
			path = "Feed UI";
			sourceTree = "<group>";
		};
		5E37C2EF2AA4B2ED00ECD739 /* CoreData */ = {
			isa = PBXGroup;
			children = (
				5E3A2CC82A9F2DB1003EEA83 /* CoreDataFeedStore.swift */,
				5E0974DB2AA0D2ED0013F418 /* CoreDataHelpers.swift */,
				5E0974DD2AA0D3780013F418 /* ManagedCache.swift */,
				5E0974DF2AA0D3B30013F418 /* ManagedFeedImage.swift */,
				5E3A2CC52A9F2B07003EEA83 /* FeedStore.xcdatamodeld */,
			);
			path = CoreData;
			sourceTree = "<group>";
		};
		5E621B7F2AA8AA4800051014 /* EssentialFeediOS */ = {
			isa = PBXGroup;
			children = (
				5E621B812AA8AA4800051014 /* EssentialFeediOS.docc */,
				5E8F8F402AB0535B00551CEB /* Feed Image loader */,
				5E8F8F3E2AB0531800551CEB /* Feed UI */,
			);
			path = EssentialFeediOS;
			sourceTree = "<group>";
		};
		5E621B8B2AA8AA4900051014 /* EssentialFeediOSTests */ = {
			isa = PBXGroup;
			children = (
				5E1160EA2AB84D80000DB7BA /* Feed UI */,
			);
			path = EssentialFeediOSTests;
			sourceTree = "<group>";
		};
		5E8ECC202A8CDC6900805486 /* Feed API */ = {
			isa = PBXGroup;
			children = (
				5EEBCFD42A87DC7C00809580 /* LoadFeedFromRemoteUseCaseTests.swift */,
				5EEBCFDF2A87E36700809580 /* URLSessionHTTPClientTests.swift */,
			);
			path = "Feed API";
			sourceTree = "<group>";
		};
		5E8ECC212A8CDD2600805486 /* Feed Cache */ = {
			isa = PBXGroup;
			children = (
				5E0587742A938EA000447FC6 /* Helpers */,
				5E8ECC222A8CDD6500805486 /* CacheFeedUseCaseTests.swift */,
				5E63B03D2A91FF5A00D38CC7 /* LoadFeedFromCacheUseCaseTests.swift */,
				5ECCCD492A93825F007B823A /* ValidateFeedcacheUseCaseTests.swift */,
				5E3A2BFF2A9B812B003EEA83 /* XCTestCase+FeedStoreSpecs.swift */,
				5E3A2BFD2A9B805C003EEA83 /* FeedStoreSpecs.swift */,
				5E3A2CC32A9F2479003EEA83 /* CoreDataFeedStoreTests.swift */,
			);
			path = "Feed Cache";
			sourceTree = "<group>";
		};
		5E8F8F3E2AB0531800551CEB /* Feed UI */ = {
			isa = PBXGroup;
			children = (
				5E8F8F5A2AB1AB2400551CEB /* Feed Presentation */,
				5E8F8F572AB07D9900551CEB /* Composers */,
				5E8F8F3F2AB0532600551CEB /* Controllers */,
				5E8F8F412AB0536B00551CEB /* Views */,
			);
			path = "Feed UI";
			sourceTree = "<group>";
		};
		5E8F8F3F2AB0532600551CEB /* Controllers */ = {
			isa = PBXGroup;
			children = (
				5EB93CE52AA9E93C00FC38FA /* FeedViewController.swift */,
				5E8F8F462AB0681B00551CEB /* FeedImageCellController.swift */,
			);
			path = Controllers;
			sourceTree = "<group>";
		};
		5E8F8F402AB0535B00551CEB /* Feed Image loader */ = {
			isa = PBXGroup;
			children = (
				5E8F8F422AB053E200551CEB /* FeedImageDataLoader.swift */,
			);
			path = "Feed Image loader";
			sourceTree = "<group>";
		};
		5E8F8F412AB0536B00551CEB /* Views */ = {
			isa = PBXGroup;
			children = (
				5E1160DE2AB730B8000DB7BA /* Feed.xcassets */,
				5E1160DC2AB73061000DB7BA /* Feed.storyboard */,
				5E8F8F322AADFB3700551CEB /* FeedImageCell.swift */,
				5E8F8F342AAF029600551CEB /* UIView+Shimmering.swift */,
				5E1160E22AB74B0D000DB7BA /* UITableView+Dequeing.swift */,
				5E1160E42AB74BB3000DB7BA /* UIImage+Animation.swift */,
			);
			path = Views;
			sourceTree = "<group>";
		};
		5E8F8F4E2AB06A9800551CEB /* Helpers */ = {
			isa = PBXGroup;
			children = (
				5E1160EB2AB84E27000DB7BA /* UIImage+TestHelpers.swift */,
				5E8F8F482AB0690500551CEB /* UIRefreshControl+TestHelpers.swift */,
				5E8F8F4A2AB0697500551CEB /* UIButton+TestHelper.swift */,
				5E8F8F4C2AB069F400551CEB /* UIControl+TestHelper.swift */,
				5E8F8F4F2AB06AB600551CEB /* FeedViewController+TestHelpers.swift */,
				5E8F8F512AB06B8A00551CEB /* FeedImageCell+TestHelpers.swift */,
				5E8F8F532AB06C1F00551CEB /* FeedViewControllerTests+LoaderSpy.swift */,
				5E8F8F552AB06CDD00551CEB /* FeedViewControllerTests+Assertions.swift */,
				5E1160E82AB84BB4000DB7BA /* FeedViewControllerTests+Localization.swift */,
			);
			path = Helpers;
			sourceTree = "<group>";
		};
		5E8F8F572AB07D9900551CEB /* Composers */ = {
			isa = PBXGroup;
			children = (
				5E8F8F582AB07DBA00551CEB /* FeedUIComposer.swift */,
			);
			path = Composers;
			sourceTree = "<group>";
		};
		5E8F8F5A2AB1AB2400551CEB /* Feed Presentation */ = {
			isa = PBXGroup;
			children = (
				5E1160CF2AB2DEE5000DB7BA /* FeedPresenter.swift */,
				5E8F8F5D2AB1C53B00551CEB /* FeedImageViewModel.swift */,
				5E1160DA2AB6E302000DB7BA /* FeedImagePresenter.swift */,
				5E1160EF2AB84EED000DB7BA /* Feed.strings */,
			);
			path = "Feed Presentation";
			sourceTree = "<group>";
		};
		5EE29E1C2AA9C39000873C3F /* Frameworks */ = {
			isa = PBXGroup;
			children = (
			);
			name = Frameworks;
			sourceTree = "<group>";
		};
		5EEBCF9D2A87D52000809580 = {
			isa = PBXGroup;
			children = (
				5E8ECC1C2A8907CB00805486 /* README.md */,
				5E1160E12AB748FA000DB7BA /* EssentialFeediOS.xctestplan */,
				5EB7EE022AB23A86001BBBB7 /* CI_macOS.xctestplan */,
				5E621B782AA8A06300051014 /* EssentialFeedAPIEndToEndTests.xctestplan */,
				5E0974EF2AA4708D0013F418 /* EssentialFeedCacheIntegrationTests.xctestplan */,
				5EE29E172AA8BE5500873C3F /* CI_iOS.xctestplan */,
				5EEBCFEA2A88D27D00809580 /* EssentialFeed.xctestplan */,
				5EEBCFA92A87D52000809580 /* EssentialFeed */,
				5EEBCFB52A87D52000809580 /* EssentialFeedTests */,
				5EEBCFCB2A87D9FF00809580 /* EssentialFeedAPIEndToEndTests */,
				5E0974E62AA470170013F418 /* EssentialFeedCacheIntegrationTests */,
				5E621B7F2AA8AA4800051014 /* EssentialFeediOS */,
				5E621B8B2AA8AA4900051014 /* EssentialFeediOSTests */,
				5EEBCFA82A87D52000809580 /* Products */,
				5EE29E1C2AA9C39000873C3F /* Frameworks */,
			);
			sourceTree = "<group>";
		};
		5EEBCFA82A87D52000809580 /* Products */ = {
			isa = PBXGroup;
			children = (
				5EEBCFA72A87D52000809580 /* EssentialFeed.framework */,
				5EEBCFB12A87D52000809580 /* EssentialFeedTests.xctest */,
				5EEBCFCA2A87D9FF00809580 /* EssentialFeedAPIEndToEndTests.xctest */,
				5E0974E52AA470170013F418 /* EssentialFeedCacheIntegrationTests.xctest */,
				5E621B7E2AA8AA4800051014 /* EssentialFeediOS.framework */,
				5E621B872AA8AA4800051014 /* EssentialFeediOSTests.xctest */,
			);
			name = Products;
			sourceTree = "<group>";
		};
		5EEBCFA92A87D52000809580 /* EssentialFeed */ = {
			isa = PBXGroup;
			children = (
				5EEE88732A8E426A00481BB9 /* Feed Cache */,
				5EEBCFD62A87E23000809580 /* Feed API */,
				5EEBCFC52A87D7B600809580 /* Feed Feature */,
				5EEBCFAA2A87D52000809580 /* EssentialFeed.h */,
				5EEBCFAB2A87D52000809580 /* EssentialFeed.docc */,
			);
			path = EssentialFeed;
			sourceTree = "<group>";
		};
		5EEBCFB52A87D52000809580 /* EssentialFeedTests */ = {
			isa = PBXGroup;
			children = (
				5EEBCFE12A87E37100809580 /* Helpers */,
				5E8ECC212A8CDD2600805486 /* Feed Cache */,
				5E8ECC202A8CDC6900805486 /* Feed API */,
			);
			path = EssentialFeedTests;
			sourceTree = "<group>";
		};
		5EEBCFC52A87D7B600809580 /* Feed Feature */ = {
			isa = PBXGroup;
			children = (
				5EEBCFC12A87D5AF00809580 /* FeedImage.swift */,
				5EEBCFC32A87D74800809580 /* FeedLoader.swift */,
			);
			path = "Feed Feature";
			sourceTree = "<group>";
		};
		5EEBCFCB2A87D9FF00809580 /* EssentialFeedAPIEndToEndTests */ = {
			isa = PBXGroup;
			children = (
				5EEBCFCC2A87D9FF00809580 /* EssentialFeedAPIEndToEndTests.swift */,
			);
			path = EssentialFeedAPIEndToEndTests;
			sourceTree = "<group>";
		};
		5EEBCFD62A87E23000809580 /* Feed API */ = {
			isa = PBXGroup;
			children = (
				5EEE88782A8EA81600481BB9 /* RemoteFedItem.swift */,
				5EEBCFD72A87E25C00809580 /* RemoteFeedLoader.swift */,
				5EEBCFDA2A87E2D700809580 /* FeedItemMapper.swift */,
				5EEBCFD92A87E2D700809580 /* HTTPClient.swift */,
				5EEBCFDB2A87E2D700809580 /* URLSessionHTTPClient.swift */,
			);
			path = "Feed API";
			sourceTree = "<group>";
		};
		5EEBCFE12A87E37100809580 /* Helpers */ = {
			isa = PBXGroup;
			children = (
				5EEBCFE22A87E39200809580 /* XCTestCase+MemoryLeakTracking.swift */,
				5E0587752A938EC400447FC6 /* SharedTestHelpers.swift */,
			);
			path = Helpers;
			sourceTree = "<group>";
		};
		5EEE88732A8E426A00481BB9 /* Feed Cache */ = {
			isa = PBXGroup;
			children = (
				5E0974DA2AA0D1990013F418 /* Infrastructure */,
				5EEE88742A8E428600481BB9 /* LocalFeedLoader.swift */,
				5EEE88762A8E44D500481BB9 /* FeedStore.swift */,
				5EEE887A2A8EA86600481BB9 /* LocalFeedImage.swift */,
				5EC6A87E2A94A59600D34D8C /* FeedCachePolicy.swift */,
			);
			path = "Feed Cache";
			sourceTree = "<group>";
		};
/* End PBXGroup section */

/* Begin PBXHeadersBuildPhase section */
		5E621B792AA8AA4700051014 /* Headers */ = {
			isa = PBXHeadersBuildPhase;
			buildActionMask = 2147483647;
			files = (
			);
			runOnlyForDeploymentPostprocessing = 0;
		};
		5EEBCFA22A87D52000809580 /* Headers */ = {
			isa = PBXHeadersBuildPhase;
			buildActionMask = 2147483647;
			files = (
				5EEBCFB82A87D52000809580 /* EssentialFeed.h in Headers */,
			);
			runOnlyForDeploymentPostprocessing = 0;
		};
/* End PBXHeadersBuildPhase section */

/* Begin PBXNativeTarget section */
		5E0974E42AA470170013F418 /* EssentialFeedCacheIntegrationTests */ = {
			isa = PBXNativeTarget;
			buildConfigurationList = 5E0974EC2AA470170013F418 /* Build configuration list for PBXNativeTarget "EssentialFeedCacheIntegrationTests" */;
			buildPhases = (
				5E0974E12AA470170013F418 /* Sources */,
				5E0974E22AA470170013F418 /* Frameworks */,
				5E0974E32AA470170013F418 /* Resources */,
			);
			buildRules = (
			);
			dependencies = (
				5E0974EB2AA470170013F418 /* PBXTargetDependency */,
			);
			name = EssentialFeedCacheIntegrationTests;
			productName = EssentialFeedCacheIntegrationTests;
			productReference = 5E0974E52AA470170013F418 /* EssentialFeedCacheIntegrationTests.xctest */;
			productType = "com.apple.product-type.bundle.unit-test";
		};
		5E621B7D2AA8AA4700051014 /* EssentialFeediOS */ = {
			isa = PBXNativeTarget;
			buildConfigurationList = 5E621B8F2AA8AA4900051014 /* Build configuration list for PBXNativeTarget "EssentialFeediOS" */;
			buildPhases = (
				5E621B792AA8AA4700051014 /* Headers */,
				5E621B7A2AA8AA4700051014 /* Sources */,
				5E621B7B2AA8AA4700051014 /* Frameworks */,
				5E621B7C2AA8AA4700051014 /* Resources */,
			);
			buildRules = (
			);
			dependencies = (
				5EE29E202AA9C39000873C3F /* PBXTargetDependency */,
			);
			name = EssentialFeediOS;
			productName = EssentialFeediOS;
			productReference = 5E621B7E2AA8AA4800051014 /* EssentialFeediOS.framework */;
			productType = "com.apple.product-type.framework";
		};
		5E621B862AA8AA4800051014 /* EssentialFeediOSTests */ = {
			isa = PBXNativeTarget;
			buildConfigurationList = 5E621B922AA8AA4900051014 /* Build configuration list for PBXNativeTarget "EssentialFeediOSTests" */;
			buildPhases = (
				5E621B832AA8AA4800051014 /* Sources */,
				5E621B842AA8AA4800051014 /* Frameworks */,
				5E621B852AA8AA4800051014 /* Resources */,
			);
			buildRules = (
			);
			dependencies = (
				5E621B8A2AA8AA4900051014 /* PBXTargetDependency */,
			);
			name = EssentialFeediOSTests;
			productName = EssentialFeediOSTests;
			productReference = 5E621B872AA8AA4800051014 /* EssentialFeediOSTests.xctest */;
			productType = "com.apple.product-type.bundle.unit-test";
		};
		5EEBCFA62A87D52000809580 /* EssentialFeed */ = {
			isa = PBXNativeTarget;
			buildConfigurationList = 5EEBCFBB2A87D52000809580 /* Build configuration list for PBXNativeTarget "EssentialFeed" */;
			buildPhases = (
				5EEBCFA22A87D52000809580 /* Headers */,
				5EEBCFA32A87D52000809580 /* Sources */,
				5EEBCFA42A87D52000809580 /* Frameworks */,
				5EEBCFA52A87D52000809580 /* Resources */,
			);
			buildRules = (
			);
			dependencies = (
			);
			name = EssentialFeed;
			productName = EssentialFeed;
			productReference = 5EEBCFA72A87D52000809580 /* EssentialFeed.framework */;
			productType = "com.apple.product-type.framework";
		};
		5EEBCFB02A87D52000809580 /* EssentialFeedTests */ = {
			isa = PBXNativeTarget;
			buildConfigurationList = 5EEBCFBE2A87D52000809580 /* Build configuration list for PBXNativeTarget "EssentialFeedTests" */;
			buildPhases = (
				5EEBCFAD2A87D52000809580 /* Sources */,
				5EEBCFAE2A87D52000809580 /* Frameworks */,
				5EEBCFAF2A87D52000809580 /* Resources */,
			);
			buildRules = (
			);
			dependencies = (
				5EEBCFB42A87D52000809580 /* PBXTargetDependency */,
			);
			name = EssentialFeedTests;
			productName = EssentialFeedTests;
			productReference = 5EEBCFB12A87D52000809580 /* EssentialFeedTests.xctest */;
			productType = "com.apple.product-type.bundle.unit-test";
		};
		5EEBCFC92A87D9FF00809580 /* EssentialFeedAPIEndToEndTests */ = {
			isa = PBXNativeTarget;
			buildConfigurationList = 5EEBCFD12A87D9FF00809580 /* Build configuration list for PBXNativeTarget "EssentialFeedAPIEndToEndTests" */;
			buildPhases = (
				5EEBCFC62A87D9FF00809580 /* Sources */,
				5EEBCFC72A87D9FF00809580 /* Frameworks */,
				5EEBCFC82A87D9FF00809580 /* Resources */,
			);
			buildRules = (
			);
			dependencies = (
				5EEBCFD02A87D9FF00809580 /* PBXTargetDependency */,
			);
			name = EssentialFeedAPIEndToEndTests;
			productName = EssentialFeedAPIEndToEndTests;
			productReference = 5EEBCFCA2A87D9FF00809580 /* EssentialFeedAPIEndToEndTests.xctest */;
			productType = "com.apple.product-type.bundle.unit-test";
		};
/* End PBXNativeTarget section */

/* Begin PBXProject section */
		5EEBCF9E2A87D52000809580 /* Project object */ = {
			isa = PBXProject;
			attributes = {
				BuildIndependentTargetsInParallel = 1;
				LastSwiftUpdateCheck = 1430;
				LastUpgradeCheck = 1430;
				TargetAttributes = {
					5E0974E42AA470170013F418 = {
						CreatedOnToolsVersion = 14.3.1;
					};
					5E621B7D2AA8AA4700051014 = {
						CreatedOnToolsVersion = 14.3.1;
					};
					5E621B862AA8AA4800051014 = {
						CreatedOnToolsVersion = 14.3.1;
						LastSwiftMigration = 1430;
					};
					5EEBCFA62A87D52000809580 = {
						CreatedOnToolsVersion = 14.3.1;
					};
					5EEBCFB02A87D52000809580 = {
						CreatedOnToolsVersion = 14.3.1;
					};
					5EEBCFC92A87D9FF00809580 = {
						CreatedOnToolsVersion = 14.3.1;
					};
				};
			};
			buildConfigurationList = 5EEBCFA12A87D52000809580 /* Build configuration list for PBXProject "EssentialFeed" */;
			compatibilityVersion = "Xcode 14.0";
			developmentRegion = en;
			hasScannedForEncodings = 0;
			knownRegions = (
				en,
				Base,
				"pt-BR",
			);
			mainGroup = 5EEBCF9D2A87D52000809580;
			productRefGroup = 5EEBCFA82A87D52000809580 /* Products */;
			projectDirPath = "";
			projectRoot = "";
			targets = (
				5EEBCFA62A87D52000809580 /* EssentialFeed */,
				5EEBCFB02A87D52000809580 /* EssentialFeedTests */,
				5EEBCFC92A87D9FF00809580 /* EssentialFeedAPIEndToEndTests */,
				5E0974E42AA470170013F418 /* EssentialFeedCacheIntegrationTests */,
				5E621B7D2AA8AA4700051014 /* EssentialFeediOS */,
				5E621B862AA8AA4800051014 /* EssentialFeediOSTests */,
			);
		};
/* End PBXProject section */

/* Begin PBXResourcesBuildPhase section */
		5E0974E32AA470170013F418 /* Resources */ = {
			isa = PBXResourcesBuildPhase;
			buildActionMask = 2147483647;
			files = (
			);
			runOnlyForDeploymentPostprocessing = 0;
		};
		5E621B7C2AA8AA4700051014 /* Resources */ = {
			isa = PBXResourcesBuildPhase;
			buildActionMask = 2147483647;
			files = (
				5E1160E02AB73164000DB7BA /* Feed.storyboard in Resources */,
				5E1160DF2AB730B8000DB7BA /* Feed.xcassets in Resources */,
				5E1160ED2AB84EED000DB7BA /* Feed.strings in Resources */,
			);
			runOnlyForDeploymentPostprocessing = 0;
		};
		5E621B852AA8AA4800051014 /* Resources */ = {
			isa = PBXResourcesBuildPhase;
			buildActionMask = 2147483647;
			files = (
			);
			runOnlyForDeploymentPostprocessing = 0;
		};
		5EEBCFA52A87D52000809580 /* Resources */ = {
			isa = PBXResourcesBuildPhase;
			buildActionMask = 2147483647;
			files = (
				5E8ECC1D2A8907CB00805486 /* README.md in Resources */,
			);
			runOnlyForDeploymentPostprocessing = 0;
		};
		5EEBCFAF2A87D52000809580 /* Resources */ = {
			isa = PBXResourcesBuildPhase;
			buildActionMask = 2147483647;
			files = (
				5EEBCFEB2A88D27D00809580 /* EssentialFeed.xctestplan in Resources */,
			);
			runOnlyForDeploymentPostprocessing = 0;
		};
		5EEBCFC82A87D9FF00809580 /* Resources */ = {
			isa = PBXResourcesBuildPhase;
			buildActionMask = 2147483647;
			files = (
			);
			runOnlyForDeploymentPostprocessing = 0;
		};
/* End PBXResourcesBuildPhase section */

/* Begin PBXSourcesBuildPhase section */
		5E0974E12AA470170013F418 /* Sources */ = {
			isa = PBXSourcesBuildPhase;
			buildActionMask = 2147483647;
			files = (
				5E0974F22AA4819E0013F418 /* SharedTestHelpers.swift in Sources */,
				5E0974F02AA477370013F418 /* XCTestCase+MemoryLeakTracking.swift in Sources */,
				5E8F8F3C2AAF6F5800551CEB /* EssentialFeedCacheIntegrationTests.swift in Sources */,
				5E0974F12AA481890013F418 /* FeedCachTestHelpers.swift in Sources */,
			);
			runOnlyForDeploymentPostprocessing = 0;
		};
		5E621B7A2AA8AA4700051014 /* Sources */ = {
			isa = PBXSourcesBuildPhase;
			buildActionMask = 2147483647;
			files = (
				5E8F8F432AB053E200551CEB /* FeedImageDataLoader.swift in Sources */,
				5E8F8F592AB07DBA00551CEB /* FeedUIComposer.swift in Sources */,
				5EB93CE62AA9E93C00FC38FA /* FeedViewController.swift in Sources */,
				5E1160D02AB2DEE5000DB7BA /* FeedPresenter.swift in Sources */,
				5E8F8F5E2AB1C53B00551CEB /* FeedImageViewModel.swift in Sources */,
				5E1160DB2AB6E302000DB7BA /* FeedImagePresenter.swift in Sources */,
				5E8F8F472AB0681B00551CEB /* FeedImageCellController.swift in Sources */,
				5E8F8F352AAF029600551CEB /* UIView+Shimmering.swift in Sources */,
				5E8F8F332AADFB3700551CEB /* FeedImageCell.swift in Sources */,
				5E621B822AA8AA4800051014 /* EssentialFeediOS.docc in Sources */,
				5E1160E52AB74BB3000DB7BA /* UIImage+Animation.swift in Sources */,
				5E1160E32AB74B0D000DB7BA /* UITableView+Dequeing.swift in Sources */,
			);
			runOnlyForDeploymentPostprocessing = 0;
		};
		5E621B832AA8AA4800051014 /* Sources */ = {
			isa = PBXSourcesBuildPhase;
			buildActionMask = 2147483647;
			files = (
				5EE29E1B2AA9BD3100873C3F /* FeedUIIntegrationTests.swift in Sources */,
				5E8F8F4B2AB0697500551CEB /* UIButton+TestHelper.swift in Sources */,
				5E8F8F492AB0690500551CEB /* UIRefreshControl+TestHelpers.swift in Sources */,
				5E8F8F562AB06CDD00551CEB /* FeedViewControllerTests+Assertions.swift in Sources */,
				5E8F8F4D2AB069F400551CEB /* UIControl+TestHelper.swift in Sources */,
				5E8F8F502AB06AB600551CEB /* FeedViewController+TestHelpers.swift in Sources */,
				5E8F8F522AB06B8A00551CEB /* FeedImageCell+TestHelpers.swift in Sources */,
				5E1160E92AB84BB4000DB7BA /* FeedViewControllerTests+Localization.swift in Sources */,
				5E1160EC2AB84E27000DB7BA /* UIImage+TestHelpers.swift in Sources */,
				5E8F8F542AB06C1F00551CEB /* FeedViewControllerTests+LoaderSpy.swift in Sources */,
				5EE29E232AA9C7AD00873C3F /* XCTestCase+MemoryLeakTracking.swift in Sources */,
			);
			runOnlyForDeploymentPostprocessing = 0;
		};
		5EEBCFA32A87D52000809580 /* Sources */ = {
			isa = PBXSourcesBuildPhase;
			buildActionMask = 2147483647;
			files = (
				5EEE88772A8E44D500481BB9 /* FeedStore.swift in Sources */,
				5E3A2CCD2A9F6DFD003EEA83 /* FeedStore.xcdatamodeld in Sources */,
				5EEE887B2A8EA86600481BB9 /* LocalFeedImage.swift in Sources */,
				5EEBCFDE2A87E2D700809580 /* URLSessionHTTPClient.swift in Sources */,
				5EEBCFD82A87E25C00809580 /* RemoteFeedLoader.swift in Sources */,
				5EEBCFDC2A87E2D700809580 /* HTTPClient.swift in Sources */,
				5E0974DC2AA0D2ED0013F418 /* CoreDataHelpers.swift in Sources */,
				5EEBCFC42A87D74800809580 /* FeedLoader.swift in Sources */,
				5E3A2CCC2A9F6B78003EEA83 /* CoreDataFeedStore.swift in Sources */,
				5E0974DE2AA0D3780013F418 /* ManagedCache.swift in Sources */,
				5EEBCFDD2A87E2D700809580 /* FeedItemMapper.swift in Sources */,
				5EEE88792A8EA81600481BB9 /* RemoteFedItem.swift in Sources */,
				5EC6A87F2A94A59600D34D8C /* FeedCachePolicy.swift in Sources */,
				5EEBCFC22A87D5AF00809580 /* FeedImage.swift in Sources */,
				5E0974E02AA0D3B30013F418 /* ManagedFeedImage.swift in Sources */,
				5EEE88752A8E428600481BB9 /* LocalFeedLoader.swift in Sources */,
				5EEBCFAC2A87D52000809580 /* EssentialFeed.docc in Sources */,
			);
			runOnlyForDeploymentPostprocessing = 0;
		};
		5EEBCFAD2A87D52000809580 /* Sources */ = {
			isa = PBXSourcesBuildPhase;
			buildActionMask = 2147483647;
			files = (
				5E3A2CC42A9F2479003EEA83 /* CoreDataFeedStoreTests.swift in Sources */,
				5EEBCFD52A87DC7C00809580 /* LoadFeedFromRemoteUseCaseTests.swift in Sources */,
				5E63B03E2A91FF5A00D38CC7 /* LoadFeedFromCacheUseCaseTests.swift in Sources */,
				5E0587732A938D1600447FC6 /* FeedCachTestHelpers.swift in Sources */,
				5ECCCD4A2A93825F007B823A /* ValidateFeedcacheUseCaseTests.swift in Sources */,
				5E63B0402A92004700D38CC7 /* FeedStoreSpy.swift in Sources */,
				5E0587762A938EC400447FC6 /* SharedTestHelpers.swift in Sources */,
				5EEBCFE02A87E36700809580 /* URLSessionHTTPClientTests.swift in Sources */,
				5E8ECC232A8CDD6500805486 /* CacheFeedUseCaseTests.swift in Sources */,
				5E3A2BFE2A9B805C003EEA83 /* FeedStoreSpecs.swift in Sources */,
				5EEBCFE32A87E39200809580 /* XCTestCase+MemoryLeakTracking.swift in Sources */,
				5E3A2C002A9B812B003EEA83 /* XCTestCase+FeedStoreSpecs.swift in Sources */,
			);
			runOnlyForDeploymentPostprocessing = 0;
		};
		5EEBCFC62A87D9FF00809580 /* Sources */ = {
			isa = PBXSourcesBuildPhase;
			buildActionMask = 2147483647;
			files = (
				5EEBCFCD2A87D9FF00809580 /* EssentialFeedAPIEndToEndTests.swift in Sources */,
				5EEBCFE62A88C24400809580 /* XCTestCase+MemoryLeakTracking.swift in Sources */,
			);
			runOnlyForDeploymentPostprocessing = 0;
		};
/* End PBXSourcesBuildPhase section */

/* Begin PBXTargetDependency section */
		5E0974EB2AA470170013F418 /* PBXTargetDependency */ = {
			isa = PBXTargetDependency;
			target = 5EEBCFA62A87D52000809580 /* EssentialFeed */;
			targetProxy = 5E0974EA2AA470170013F418 /* PBXContainerItemProxy */;
		};
		5E621B8A2AA8AA4900051014 /* PBXTargetDependency */ = {
			isa = PBXTargetDependency;
			target = 5E621B7D2AA8AA4700051014 /* EssentialFeediOS */;
			targetProxy = 5E621B892AA8AA4900051014 /* PBXContainerItemProxy */;
		};
		5EE29E202AA9C39000873C3F /* PBXTargetDependency */ = {
			isa = PBXTargetDependency;
			platformFilter = ios;
			target = 5EEBCFA62A87D52000809580 /* EssentialFeed */;
			targetProxy = 5EE29E1F2AA9C39000873C3F /* PBXContainerItemProxy */;
		};
		5EEBCFB42A87D52000809580 /* PBXTargetDependency */ = {
			isa = PBXTargetDependency;
			target = 5EEBCFA62A87D52000809580 /* EssentialFeed */;
			targetProxy = 5EEBCFB32A87D52000809580 /* PBXContainerItemProxy */;
		};
		5EEBCFD02A87D9FF00809580 /* PBXTargetDependency */ = {
			isa = PBXTargetDependency;
			target = 5EEBCFA62A87D52000809580 /* EssentialFeed */;
			targetProxy = 5EEBCFCF2A87D9FF00809580 /* PBXContainerItemProxy */;
		};
/* End PBXTargetDependency section */

/* Begin PBXVariantGroup section */
		5E1160EF2AB84EED000DB7BA /* Feed.strings */ = {
			isa = PBXVariantGroup;
			children = (
				5E1160EE2AB84EED000DB7BA /* en */,
				5E1160F02AB84FD6000DB7BA /* pt-BR */,
			);
			name = Feed.strings;
			sourceTree = "<group>";
		};
/* End PBXVariantGroup section */

/* Begin XCBuildConfiguration section */
		5E0974ED2AA470170013F418 /* Debug */ = {
			isa = XCBuildConfiguration;
			buildSettings = {
				CODE_SIGN_STYLE = Automatic;
				CURRENT_PROJECT_VERSION = 1;
				GENERATE_INFOPLIST_FILE = YES;
				MARKETING_VERSION = 1.0;
				PRODUCT_BUNDLE_IDENTIFIER = liliaexamples.com.EssentialFeedCacheIntegrationTests;
				PRODUCT_NAME = "$(TARGET_NAME)";
				SUPPORTED_PLATFORMS = "macosx iphoneos iphonesimulator";
				SWIFT_EMIT_LOC_STRINGS = NO;
				SWIFT_VERSION = 5.0;
			};
			name = Debug;
		};
		5E0974EE2AA470170013F418 /* Release */ = {
			isa = XCBuildConfiguration;
			buildSettings = {
				CODE_SIGN_STYLE = Automatic;
				CURRENT_PROJECT_VERSION = 1;
				GENERATE_INFOPLIST_FILE = YES;
				MARKETING_VERSION = 1.0;
				PRODUCT_BUNDLE_IDENTIFIER = liliaexamples.com.EssentialFeedCacheIntegrationTests;
				PRODUCT_NAME = "$(TARGET_NAME)";
				SUPPORTED_PLATFORMS = "macosx iphoneos iphonesimulator";
				SWIFT_EMIT_LOC_STRINGS = NO;
				SWIFT_VERSION = 5.0;
			};
			name = Release;
		};
		5E621B902AA8AA4900051014 /* Debug */ = {
			isa = XCBuildConfiguration;
			buildSettings = {
				CODE_SIGN_STYLE = Automatic;
				CURRENT_PROJECT_VERSION = 1;
				DEFINES_MODULE = YES;
				DEVELOPMENT_TEAM = 65AZA3858V;
				DYLIB_COMPATIBILITY_VERSION = 1;
				DYLIB_CURRENT_VERSION = 1;
				DYLIB_INSTALL_NAME_BASE = "@rpath";
				ENABLE_MODULE_VERIFIER = YES;
				GENERATE_INFOPLIST_FILE = YES;
				INFOPLIST_KEY_NSHumanReadableCopyright = "";
				INSTALL_PATH = "$(LOCAL_LIBRARY_DIR)/Frameworks";
				IPHONEOS_DEPLOYMENT_TARGET = 16.4;
				LD_RUNPATH_SEARCH_PATHS = (
					"$(inherited)",
					"@executable_path/Frameworks",
					"@loader_path/Frameworks",
				);
				MARKETING_VERSION = 1.0;
				MODULE_VERIFIER_SUPPORTED_LANGUAGES = "objective-c objective-c++";
				MODULE_VERIFIER_SUPPORTED_LANGUAGE_STANDARDS = "gnu11 gnu++20";
				PRODUCT_BUNDLE_IDENTIFIER = liliaexamples.com.EssentialFeediOS;
				PRODUCT_NAME = "$(TARGET_NAME:c99extidentifier)";
				SDKROOT = iphoneos;
				SKIP_INSTALL = YES;
				SWIFT_EMIT_LOC_STRINGS = YES;
				SWIFT_VERSION = 5.0;
				TARGETED_DEVICE_FAMILY = "1,2";
			};
			name = Debug;
		};
		5E621B912AA8AA4900051014 /* Release */ = {
			isa = XCBuildConfiguration;
			buildSettings = {
				CODE_SIGN_STYLE = Automatic;
				CURRENT_PROJECT_VERSION = 1;
				DEFINES_MODULE = YES;
				DEVELOPMENT_TEAM = 65AZA3858V;
				DYLIB_COMPATIBILITY_VERSION = 1;
				DYLIB_CURRENT_VERSION = 1;
				DYLIB_INSTALL_NAME_BASE = "@rpath";
				ENABLE_MODULE_VERIFIER = YES;
				GENERATE_INFOPLIST_FILE = YES;
				INFOPLIST_KEY_NSHumanReadableCopyright = "";
				INSTALL_PATH = "$(LOCAL_LIBRARY_DIR)/Frameworks";
				IPHONEOS_DEPLOYMENT_TARGET = 16.4;
				LD_RUNPATH_SEARCH_PATHS = (
					"$(inherited)",
					"@executable_path/Frameworks",
					"@loader_path/Frameworks",
				);
				MARKETING_VERSION = 1.0;
				MODULE_VERIFIER_SUPPORTED_LANGUAGES = "objective-c objective-c++";
				MODULE_VERIFIER_SUPPORTED_LANGUAGE_STANDARDS = "gnu11 gnu++20";
				PRODUCT_BUNDLE_IDENTIFIER = liliaexamples.com.EssentialFeediOS;
				PRODUCT_NAME = "$(TARGET_NAME:c99extidentifier)";
				SDKROOT = iphoneos;
				SKIP_INSTALL = YES;
				SWIFT_EMIT_LOC_STRINGS = YES;
				SWIFT_VERSION = 5.0;
				TARGETED_DEVICE_FAMILY = "1,2";
				VALIDATE_PRODUCT = YES;
			};
			name = Release;
		};
		5E621B932AA8AA4900051014 /* Debug */ = {
			isa = XCBuildConfiguration;
			buildSettings = {
				ALWAYS_EMBED_SWIFT_STANDARD_LIBRARIES = YES;
				CLANG_ENABLE_MODULES = YES;
				CODE_SIGN_STYLE = Automatic;
				CURRENT_PROJECT_VERSION = 1;
				DEVELOPMENT_TEAM = 65AZA3858V;
				GENERATE_INFOPLIST_FILE = YES;
				IPHONEOS_DEPLOYMENT_TARGET = 16.4;
				MARKETING_VERSION = 1.0;
				PRODUCT_BUNDLE_IDENTIFIER = liliaexamples.com.EssentialFeediOSTests;
				PRODUCT_NAME = "$(TARGET_NAME)";
				SDKROOT = iphoneos;
				SWIFT_EMIT_LOC_STRINGS = NO;
				SWIFT_OPTIMIZATION_LEVEL = "-Onone";
				SWIFT_VERSION = 5.0;
				TARGETED_DEVICE_FAMILY = "1,2";
			};
			name = Debug;
		};
		5E621B942AA8AA4900051014 /* Release */ = {
			isa = XCBuildConfiguration;
			buildSettings = {
				ALWAYS_EMBED_SWIFT_STANDARD_LIBRARIES = YES;
				CLANG_ENABLE_MODULES = YES;
				CODE_SIGN_STYLE = Automatic;
				CURRENT_PROJECT_VERSION = 1;
				DEVELOPMENT_TEAM = 65AZA3858V;
				GENERATE_INFOPLIST_FILE = YES;
				IPHONEOS_DEPLOYMENT_TARGET = 16.4;
				MARKETING_VERSION = 1.0;
				PRODUCT_BUNDLE_IDENTIFIER = liliaexamples.com.EssentialFeediOSTests;
				PRODUCT_NAME = "$(TARGET_NAME)";
				SDKROOT = iphoneos;
				SWIFT_EMIT_LOC_STRINGS = NO;
				SWIFT_VERSION = 5.0;
				TARGETED_DEVICE_FAMILY = "1,2";
				VALIDATE_PRODUCT = YES;
			};
			name = Release;
		};
		5EEBCFB92A87D52000809580 /* Debug */ = {
			isa = XCBuildConfiguration;
			buildSettings = {
				ALWAYS_SEARCH_USER_PATHS = NO;
				CLANG_ANALYZER_LOCALIZABILITY_NONLOCALIZED = YES;
				CLANG_ANALYZER_NONNULL = YES;
				CLANG_ANALYZER_NUMBER_OBJECT_CONVERSION = YES_AGGRESSIVE;
				CLANG_CXX_LANGUAGE_STANDARD = "gnu++20";
				CLANG_ENABLE_MODULES = YES;
				CLANG_ENABLE_OBJC_ARC = YES;
				CLANG_ENABLE_OBJC_WEAK = YES;
				CLANG_WARN_BLOCK_CAPTURE_AUTORELEASING = YES;
				CLANG_WARN_BOOL_CONVERSION = YES;
				CLANG_WARN_COMMA = YES;
				CLANG_WARN_CONSTANT_CONVERSION = YES;
				CLANG_WARN_DEPRECATED_OBJC_IMPLEMENTATIONS = YES;
				CLANG_WARN_DIRECT_OBJC_ISA_USAGE = YES_ERROR;
				CLANG_WARN_DOCUMENTATION_COMMENTS = YES;
				CLANG_WARN_EMPTY_BODY = YES;
				CLANG_WARN_ENUM_CONVERSION = YES;
				CLANG_WARN_INFINITE_RECURSION = YES;
				CLANG_WARN_INT_CONVERSION = YES;
				CLANG_WARN_NON_LITERAL_NULL_CONVERSION = YES;
				CLANG_WARN_OBJC_IMPLICIT_RETAIN_SELF = YES;
				CLANG_WARN_OBJC_LITERAL_CONVERSION = YES;
				CLANG_WARN_OBJC_ROOT_CLASS = YES_ERROR;
				CLANG_WARN_QUOTED_INCLUDE_IN_FRAMEWORK_HEADER = YES;
				CLANG_WARN_RANGE_LOOP_ANALYSIS = YES;
				CLANG_WARN_STRICT_PROTOTYPES = YES;
				CLANG_WARN_SUSPICIOUS_MOVE = YES;
				CLANG_WARN_UNGUARDED_AVAILABILITY = YES_AGGRESSIVE;
				CLANG_WARN_UNREACHABLE_CODE = YES;
				CLANG_WARN__DUPLICATE_METHOD_MATCH = YES;
				COPY_PHASE_STRIP = NO;
				CURRENT_PROJECT_VERSION = 1;
				DEBUG_INFORMATION_FORMAT = dwarf;
				ENABLE_STRICT_OBJC_MSGSEND = YES;
				ENABLE_TESTABILITY = YES;
				GCC_C_LANGUAGE_STANDARD = gnu11;
				GCC_DYNAMIC_NO_PIC = NO;
				GCC_NO_COMMON_BLOCKS = YES;
				GCC_OPTIMIZATION_LEVEL = 0;
				GCC_PREPROCESSOR_DEFINITIONS = (
					"DEBUG=1",
					"$(inherited)",
				);
				GCC_WARN_64_TO_32_BIT_CONVERSION = YES;
				GCC_WARN_ABOUT_RETURN_TYPE = YES_ERROR;
				GCC_WARN_UNDECLARED_SELECTOR = YES;
				GCC_WARN_UNINITIALIZED_AUTOS = YES_AGGRESSIVE;
				GCC_WARN_UNUSED_FUNCTION = YES;
				GCC_WARN_UNUSED_VARIABLE = YES;
				MACOSX_DEPLOYMENT_TARGET = 13.3;
				MTL_ENABLE_DEBUG_INFO = INCLUDE_SOURCE;
				MTL_FAST_MATH = YES;
				ONLY_ACTIVE_ARCH = YES;
				SDKROOT = macosx;
				SWIFT_ACTIVE_COMPILATION_CONDITIONS = DEBUG;
				SWIFT_OPTIMIZATION_LEVEL = "-Onone";
				VERSIONING_SYSTEM = "apple-generic";
				VERSION_INFO_PREFIX = "";
			};
			name = Debug;
		};
		5EEBCFBA2A87D52000809580 /* Release */ = {
			isa = XCBuildConfiguration;
			buildSettings = {
				ALWAYS_SEARCH_USER_PATHS = NO;
				CLANG_ANALYZER_LOCALIZABILITY_NONLOCALIZED = YES;
				CLANG_ANALYZER_NONNULL = YES;
				CLANG_ANALYZER_NUMBER_OBJECT_CONVERSION = YES_AGGRESSIVE;
				CLANG_CXX_LANGUAGE_STANDARD = "gnu++20";
				CLANG_ENABLE_MODULES = YES;
				CLANG_ENABLE_OBJC_ARC = YES;
				CLANG_ENABLE_OBJC_WEAK = YES;
				CLANG_WARN_BLOCK_CAPTURE_AUTORELEASING = YES;
				CLANG_WARN_BOOL_CONVERSION = YES;
				CLANG_WARN_COMMA = YES;
				CLANG_WARN_CONSTANT_CONVERSION = YES;
				CLANG_WARN_DEPRECATED_OBJC_IMPLEMENTATIONS = YES;
				CLANG_WARN_DIRECT_OBJC_ISA_USAGE = YES_ERROR;
				CLANG_WARN_DOCUMENTATION_COMMENTS = YES;
				CLANG_WARN_EMPTY_BODY = YES;
				CLANG_WARN_ENUM_CONVERSION = YES;
				CLANG_WARN_INFINITE_RECURSION = YES;
				CLANG_WARN_INT_CONVERSION = YES;
				CLANG_WARN_NON_LITERAL_NULL_CONVERSION = YES;
				CLANG_WARN_OBJC_IMPLICIT_RETAIN_SELF = YES;
				CLANG_WARN_OBJC_LITERAL_CONVERSION = YES;
				CLANG_WARN_OBJC_ROOT_CLASS = YES_ERROR;
				CLANG_WARN_QUOTED_INCLUDE_IN_FRAMEWORK_HEADER = YES;
				CLANG_WARN_RANGE_LOOP_ANALYSIS = YES;
				CLANG_WARN_STRICT_PROTOTYPES = YES;
				CLANG_WARN_SUSPICIOUS_MOVE = YES;
				CLANG_WARN_UNGUARDED_AVAILABILITY = YES_AGGRESSIVE;
				CLANG_WARN_UNREACHABLE_CODE = YES;
				CLANG_WARN__DUPLICATE_METHOD_MATCH = YES;
				COPY_PHASE_STRIP = NO;
				CURRENT_PROJECT_VERSION = 1;
				DEBUG_INFORMATION_FORMAT = "dwarf-with-dsym";
				ENABLE_NS_ASSERTIONS = NO;
				ENABLE_STRICT_OBJC_MSGSEND = YES;
				GCC_C_LANGUAGE_STANDARD = gnu11;
				GCC_NO_COMMON_BLOCKS = YES;
				GCC_WARN_64_TO_32_BIT_CONVERSION = YES;
				GCC_WARN_ABOUT_RETURN_TYPE = YES_ERROR;
				GCC_WARN_UNDECLARED_SELECTOR = YES;
				GCC_WARN_UNINITIALIZED_AUTOS = YES_AGGRESSIVE;
				GCC_WARN_UNUSED_FUNCTION = YES;
				GCC_WARN_UNUSED_VARIABLE = YES;
				MACOSX_DEPLOYMENT_TARGET = 13.3;
				MTL_ENABLE_DEBUG_INFO = NO;
				MTL_FAST_MATH = YES;
				SDKROOT = macosx;
				SWIFT_COMPILATION_MODE = wholemodule;
				SWIFT_OPTIMIZATION_LEVEL = "-O";
				VERSIONING_SYSTEM = "apple-generic";
				VERSION_INFO_PREFIX = "";
			};
			name = Release;
		};
		5EEBCFBC2A87D52000809580 /* Debug */ = {
			isa = XCBuildConfiguration;
			buildSettings = {
				CODE_SIGN_STYLE = Automatic;
				COMBINE_HIDPI_IMAGES = YES;
				CURRENT_PROJECT_VERSION = 1;
				DEFINES_MODULE = YES;
				DYLIB_COMPATIBILITY_VERSION = 1;
				DYLIB_CURRENT_VERSION = 1;
				DYLIB_INSTALL_NAME_BASE = "@rpath";
				ENABLE_MODULE_VERIFIER = YES;
				GENERATE_INFOPLIST_FILE = YES;
				INFOPLIST_KEY_NSHumanReadableCopyright = "";
				INSTALL_PATH = "$(LOCAL_LIBRARY_DIR)/Frameworks";
				LD_RUNPATH_SEARCH_PATHS = (
					"$(inherited)",
					"@executable_path/../Frameworks",
					"@loader_path/Frameworks",
				);
				MARKETING_VERSION = 1.0;
				MODULE_VERIFIER_SUPPORTED_LANGUAGES = "objective-c objective-c++";
				MODULE_VERIFIER_SUPPORTED_LANGUAGE_STANDARDS = "gnu11 gnu++20";
				PRODUCT_BUNDLE_IDENTIFIER = liliaexamples.com.EssentialFeed;
				PRODUCT_NAME = "$(TARGET_NAME:c99extidentifier)";
				SKIP_INSTALL = YES;
				SUPPORTED_PLATFORMS = "macosx iphoneos iphonesimulator";
				SWIFT_EMIT_LOC_STRINGS = YES;
				SWIFT_VERSION = 5.0;
			};
			name = Debug;
		};
		5EEBCFBD2A87D52000809580 /* Release */ = {
			isa = XCBuildConfiguration;
			buildSettings = {
				CODE_SIGN_STYLE = Automatic;
				COMBINE_HIDPI_IMAGES = YES;
				CURRENT_PROJECT_VERSION = 1;
				DEFINES_MODULE = YES;
				DYLIB_COMPATIBILITY_VERSION = 1;
				DYLIB_CURRENT_VERSION = 1;
				DYLIB_INSTALL_NAME_BASE = "@rpath";
				ENABLE_MODULE_VERIFIER = YES;
				GENERATE_INFOPLIST_FILE = YES;
				INFOPLIST_KEY_NSHumanReadableCopyright = "";
				INSTALL_PATH = "$(LOCAL_LIBRARY_DIR)/Frameworks";
				LD_RUNPATH_SEARCH_PATHS = (
					"$(inherited)",
					"@executable_path/../Frameworks",
					"@loader_path/Frameworks",
				);
				MARKETING_VERSION = 1.0;
				MODULE_VERIFIER_SUPPORTED_LANGUAGES = "objective-c objective-c++";
				MODULE_VERIFIER_SUPPORTED_LANGUAGE_STANDARDS = "gnu11 gnu++20";
				PRODUCT_BUNDLE_IDENTIFIER = liliaexamples.com.EssentialFeed;
				PRODUCT_NAME = "$(TARGET_NAME:c99extidentifier)";
				SKIP_INSTALL = YES;
				SUPPORTED_PLATFORMS = "macosx iphoneos iphonesimulator";
				SWIFT_EMIT_LOC_STRINGS = YES;
				SWIFT_VERSION = 5.0;
			};
			name = Release;
		};
		5EEBCFBF2A87D52000809580 /* Debug */ = {
			isa = XCBuildConfiguration;
			buildSettings = {
				ALWAYS_EMBED_SWIFT_STANDARD_LIBRARIES = YES;
				CODE_SIGN_STYLE = Automatic;
				CURRENT_PROJECT_VERSION = 1;
				GENERATE_INFOPLIST_FILE = YES;
				MARKETING_VERSION = 1.0;
				PRODUCT_BUNDLE_IDENTIFIER = liliaexamples.com.EssentialFeedTests;
				PRODUCT_NAME = "$(TARGET_NAME)";
				SUPPORTED_PLATFORMS = "macosx iphonesimulator iphoneos";
				SWIFT_EMIT_LOC_STRINGS = NO;
				SWIFT_VERSION = 5.0;
			};
			name = Debug;
		};
		5EEBCFC02A87D52000809580 /* Release */ = {
			isa = XCBuildConfiguration;
			buildSettings = {
				ALWAYS_EMBED_SWIFT_STANDARD_LIBRARIES = YES;
				CODE_SIGN_STYLE = Automatic;
				CURRENT_PROJECT_VERSION = 1;
				GENERATE_INFOPLIST_FILE = YES;
				MARKETING_VERSION = 1.0;
				PRODUCT_BUNDLE_IDENTIFIER = liliaexamples.com.EssentialFeedTests;
				PRODUCT_NAME = "$(TARGET_NAME)";
				SUPPORTED_PLATFORMS = "macosx iphonesimulator iphoneos";
				SWIFT_EMIT_LOC_STRINGS = NO;
				SWIFT_VERSION = 5.0;
			};
			name = Release;
		};
		5EEBCFD22A87D9FF00809580 /* Debug */ = {
			isa = XCBuildConfiguration;
			buildSettings = {
				CODE_SIGN_STYLE = Automatic;
				CURRENT_PROJECT_VERSION = 1;
				GENERATE_INFOPLIST_FILE = YES;
				MARKETING_VERSION = 1.0;
				PRODUCT_BUNDLE_IDENTIFIER = liliaexamples.com.EssentialFeedAPIEndToEndTests;
				PRODUCT_NAME = "$(TARGET_NAME)";
				SUPPORTED_PLATFORMS = "macosx iphoneos iphonesimulator";
				SWIFT_EMIT_LOC_STRINGS = NO;
				SWIFT_VERSION = 5.0;
			};
			name = Debug;
		};
		5EEBCFD32A87D9FF00809580 /* Release */ = {
			isa = XCBuildConfiguration;
			buildSettings = {
				CODE_SIGN_STYLE = Automatic;
				CURRENT_PROJECT_VERSION = 1;
				GENERATE_INFOPLIST_FILE = YES;
				MARKETING_VERSION = 1.0;
				PRODUCT_BUNDLE_IDENTIFIER = liliaexamples.com.EssentialFeedAPIEndToEndTests;
				PRODUCT_NAME = "$(TARGET_NAME)";
				SUPPORTED_PLATFORMS = "macosx iphoneos iphonesimulator";
				SWIFT_EMIT_LOC_STRINGS = NO;
				SWIFT_VERSION = 5.0;
			};
			name = Release;
		};
/* End XCBuildConfiguration section */

/* Begin XCConfigurationList section */
		5E0974EC2AA470170013F418 /* Build configuration list for PBXNativeTarget "EssentialFeedCacheIntegrationTests" */ = {
			isa = XCConfigurationList;
			buildConfigurations = (
				5E0974ED2AA470170013F418 /* Debug */,
				5E0974EE2AA470170013F418 /* Release */,
			);
			defaultConfigurationIsVisible = 0;
			defaultConfigurationName = Release;
		};
		5E621B8F2AA8AA4900051014 /* Build configuration list for PBXNativeTarget "EssentialFeediOS" */ = {
			isa = XCConfigurationList;
			buildConfigurations = (
				5E621B902AA8AA4900051014 /* Debug */,
				5E621B912AA8AA4900051014 /* Release */,
			);
			defaultConfigurationIsVisible = 0;
			defaultConfigurationName = Release;
		};
		5E621B922AA8AA4900051014 /* Build configuration list for PBXNativeTarget "EssentialFeediOSTests" */ = {
			isa = XCConfigurationList;
			buildConfigurations = (
				5E621B932AA8AA4900051014 /* Debug */,
				5E621B942AA8AA4900051014 /* Release */,
			);
			defaultConfigurationIsVisible = 0;
			defaultConfigurationName = Release;
		};
		5EEBCFA12A87D52000809580 /* Build configuration list for PBXProject "EssentialFeed" */ = {
			isa = XCConfigurationList;
			buildConfigurations = (
				5EEBCFB92A87D52000809580 /* Debug */,
				5EEBCFBA2A87D52000809580 /* Release */,
			);
			defaultConfigurationIsVisible = 0;
			defaultConfigurationName = Release;
		};
		5EEBCFBB2A87D52000809580 /* Build configuration list for PBXNativeTarget "EssentialFeed" */ = {
			isa = XCConfigurationList;
			buildConfigurations = (
				5EEBCFBC2A87D52000809580 /* Debug */,
				5EEBCFBD2A87D52000809580 /* Release */,
			);
			defaultConfigurationIsVisible = 0;
			defaultConfigurationName = Release;
		};
		5EEBCFBE2A87D52000809580 /* Build configuration list for PBXNativeTarget "EssentialFeedTests" */ = {
			isa = XCConfigurationList;
			buildConfigurations = (
				5EEBCFBF2A87D52000809580 /* Debug */,
				5EEBCFC02A87D52000809580 /* Release */,
			);
			defaultConfigurationIsVisible = 0;
			defaultConfigurationName = Release;
		};
		5EEBCFD12A87D9FF00809580 /* Build configuration list for PBXNativeTarget "EssentialFeedAPIEndToEndTests" */ = {
			isa = XCConfigurationList;
			buildConfigurations = (
				5EEBCFD22A87D9FF00809580 /* Debug */,
				5EEBCFD32A87D9FF00809580 /* Release */,
			);
			defaultConfigurationIsVisible = 0;
			defaultConfigurationName = Release;
		};
/* End XCConfigurationList section */

/* Begin XCVersionGroup section */
		5E3A2CC52A9F2B07003EEA83 /* FeedStore.xcdatamodeld */ = {
			isa = XCVersionGroup;
			children = (
				5E3A2CC62A9F2B07003EEA83 /* FeedStore.xcdatamodel */,
			);
			currentVersion = 5E3A2CC62A9F2B07003EEA83 /* FeedStore.xcdatamodel */;
			path = FeedStore.xcdatamodeld;
			sourceTree = "<group>";
			versionGroupType = wrapper.xcdatamodel;
		};
/* End XCVersionGroup section */
	};
	rootObject = 5EEBCF9E2A87D52000809580 /* Project object */;
}
