// !$*UTF8*$!
{
	archiveVersion = 1;
	classes = {
	};
	objectVersion = 56;
	objects = {

/* Begin PBXBuildFile section */
		5E0A86B02ACD8E0600315A4F /* FeedLoaderStub.swift in Sources */ = {isa = PBXBuildFile; fileRef = 5E0A86AF2ACD8E0600315A4F /* FeedLoaderStub.swift */; };
		5E0A86B22ACD8F5700315A4F /* XCTestCase+Feedloader.swift in Sources */ = {isa = PBXBuildFile; fileRef = 5E0A86B12ACD8F5700315A4F /* XCTestCase+Feedloader.swift */; };
		5E0A86BA2ACEBA4D00315A4F /* FeedImageDataLoaderSpy.swift in Sources */ = {isa = PBXBuildFile; fileRef = 5E0A86B92ACEBA4D00315A4F /* FeedImageDataLoaderSpy.swift */; };
		5E0A86BC2ACEBB1B00315A4F /* XCTestCase+FeedImageDataLoader.swift in Sources */ = {isa = PBXBuildFile; fileRef = 5E0A86BB2ACEBB1B00315A4F /* XCTestCase+FeedImageDataLoader.swift */; };
		5E0A86D42AD2ED9700315A4F /* SceneDelegateTests.swift in Sources */ = {isa = PBXBuildFile; fileRef = 5E0A86D22AD2E5EB00315A4F /* SceneDelegateTests.swift */; };
		5E0A86DB2AD2EF6600315A4F /* FeedUIComposer.swift in Sources */ = {isa = PBXBuildFile; fileRef = 5E0A86DA2AD2EF6600315A4F /* FeedUIComposer.swift */; };
		5E0A86DC2AD2EF6600315A4F /* FeedViewAdapter.swift in Sources */ = {isa = PBXBuildFile; fileRef = 5E0A86D62AD2EF6500315A4F /* FeedViewAdapter.swift */; };
		5E0A86DD2AD2EF6600315A4F /* WeakRefVirtualProxy.swift in Sources */ = {isa = PBXBuildFile; fileRef = 5E0A86D72AD2EF6500315A4F /* WeakRefVirtualProxy.swift */; };
		5E0A86DF2AD2EF6600315A4F /* FeedImageDataLoaderPresentationAdapter.swift in Sources */ = {isa = PBXBuildFile; fileRef = 5E0A86D52AD2EF6500315A4F /* FeedImageDataLoaderPresentationAdapter.swift */; };
		5E0A86E02AD2EF6600315A4F /* FeedLoaderPresentationAdapter.swift in Sources */ = {isa = PBXBuildFile; fileRef = 5E0A86D92AD2EF6500315A4F /* FeedLoaderPresentationAdapter.swift */; };
		5E0A86EA2AD2EFD900315A4F /* FeedViewController+TestHelpers.swift in Sources */ = {isa = PBXBuildFile; fileRef = 5E0A86E12AD2EFD800315A4F /* FeedViewController+TestHelpers.swift */; };
		5E0A86EB2AD2EFD900315A4F /* UIRefreshControl+TestHelpers.swift in Sources */ = {isa = PBXBuildFile; fileRef = 5E0A86E32AD2EFD800315A4F /* UIRefreshControl+TestHelpers.swift */; };
		5E0A86EC2AD2EFD900315A4F /* FeedViewControllerTests+Assertions.swift in Sources */ = {isa = PBXBuildFile; fileRef = 5E0A86E52AD2EFD800315A4F /* FeedViewControllerTests+Assertions.swift */; };
		5E0A86ED2AD2EFD900315A4F /* UIButton+TestHelper.swift in Sources */ = {isa = PBXBuildFile; fileRef = 5E0A86E42AD2EFD800315A4F /* UIButton+TestHelper.swift */; };
		5E0A86EE2AD2EFD900315A4F /* FeedViewControllerTests+Localization.swift in Sources */ = {isa = PBXBuildFile; fileRef = 5E0A86E62AD2EFD800315A4F /* FeedViewControllerTests+Localization.swift */; };
		5E0A86EF2AD2EFD900315A4F /* FeedImageCell+TestHelpers.swift in Sources */ = {isa = PBXBuildFile; fileRef = 5E0A86E22AD2EFD800315A4F /* FeedImageCell+TestHelpers.swift */; };
		5E0A86F02AD2EFD900315A4F /* FeedViewControllerTests+LoaderSpy.swift in Sources */ = {isa = PBXBuildFile; fileRef = 5E0A86E82AD2EFD800315A4F /* FeedViewControllerTests+LoaderSpy.swift */; };
		5E0A86F12AD2EFD900315A4F /* UIControl+TestHelper.swift in Sources */ = {isa = PBXBuildFile; fileRef = 5E0A86E72AD2EFD800315A4F /* UIControl+TestHelper.swift */; };
		5E0A86F22AD2EFD900315A4F /* UIImage+TestHelpers.swift in Sources */ = {isa = PBXBuildFile; fileRef = 5E0A86E92AD2EFD900315A4F /* UIImage+TestHelpers.swift */; };
		5E0A86F42AD2F48100315A4F /* FeedUIIntegrationTests.swift in Sources */ = {isa = PBXBuildFile; fileRef = 5E0A86F32AD2F48100315A4F /* FeedUIIntegrationTests.swift */; };
		5E0A86F62AD41CC600315A4F /* FeedAcceptanceTests.swift in Sources */ = {isa = PBXBuildFile; fileRef = 5E0A86F52AD41CC600315A4F /* FeedAcceptanceTests.swift */; };
		5EB7D8A02ACABA1900C38F97 /* AppDelegate.swift in Sources */ = {isa = PBXBuildFile; fileRef = 5EB7D89F2ACABA1900C38F97 /* AppDelegate.swift */; };
		5EB7D8A22ACABA1900C38F97 /* SceneDelegate.swift in Sources */ = {isa = PBXBuildFile; fileRef = 5EB7D8A12ACABA1900C38F97 /* SceneDelegate.swift */; };
		5EB7D8A92ACABA1B00C38F97 /* Assets.xcassets in Resources */ = {isa = PBXBuildFile; fileRef = 5EB7D8A82ACABA1B00C38F97 /* Assets.xcassets */; };
		5EB7D8AC2ACABA1B00C38F97 /* LaunchScreen.storyboard in Resources */ = {isa = PBXBuildFile; fileRef = 5EB7D8AA2ACABA1B00C38F97 /* LaunchScreen.storyboard */; };
		5EB7D8D12ACABB6100C38F97 /* EssentialFeed.framework in Frameworks */ = {isa = PBXBuildFile; fileRef = 5EB7D8D02ACABB6100C38F97 /* EssentialFeed.framework */; };
		5EB7D8D22ACABB6100C38F97 /* EssentialFeed.framework in Embed Frameworks */ = {isa = PBXBuildFile; fileRef = 5EB7D8D02ACABB6100C38F97 /* EssentialFeed.framework */; settings = {ATTRIBUTES = (CodeSignOnCopy, RemoveHeadersOnCopy, ); }; };
		5EB7D8D52ACABB6800C38F97 /* EssentialFeediOS.framework in Frameworks */ = {isa = PBXBuildFile; fileRef = 5EB7D8D42ACABB6800C38F97 /* EssentialFeediOS.framework */; };
		5EB7D8D62ACABB6800C38F97 /* EssentialFeediOS.framework in Embed Frameworks */ = {isa = PBXBuildFile; fileRef = 5EB7D8D42ACABB6800C38F97 /* EssentialFeediOS.framework */; settings = {ATTRIBUTES = (CodeSignOnCopy, RemoveHeadersOnCopy, ); }; };
		5EB7D8E02ACC447D00C38F97 /* XCTestCase+MemoryLeakTracking.swift in Sources */ = {isa = PBXBuildFile; fileRef = 5EB7D8DF2ACC447D00C38F97 /* XCTestCase+MemoryLeakTracking.swift */; };
		5EB7D8E22ACC45CE00C38F97 /* SharedTestHelpers.swift in Sources */ = {isa = PBXBuildFile; fileRef = 5EB7D8E12ACC45CE00C38F97 /* SharedTestHelpers.swift */; };
/* End PBXBuildFile section */

/* Begin PBXContainerItemProxy section */
		5E0A86CB2ACED73C00315A4F /* PBXContainerItemProxy */ = {
			isa = PBXContainerItemProxy;
			containerPortal = 5EB7D8942ACABA1900C38F97 /* Project object */;
			proxyType = 1;
			remoteGlobalIDString = 5EB7D89B2ACABA1900C38F97;
			remoteInfo = EssentialApp;
		};
		5EB7D8B32ACABA1B00C38F97 /* PBXContainerItemProxy */ = {
			isa = PBXContainerItemProxy;
			containerPortal = 5EB7D8942ACABA1900C38F97 /* Project object */;
			proxyType = 1;
			remoteGlobalIDString = 5EB7D89B2ACABA1900C38F97;
			remoteInfo = EssentialApp;
		};
/* End PBXContainerItemProxy section */

/* Begin PBXCopyFilesBuildPhase section */
		5EB7D8D32ACABB6100C38F97 /* Embed Frameworks */ = {
			isa = PBXCopyFilesBuildPhase;
			buildActionMask = 2147483647;
			dstPath = "";
			dstSubfolderSpec = 10;
			files = (
				5EB7D8D22ACABB6100C38F97 /* EssentialFeed.framework in Embed Frameworks */,
				5EB7D8D62ACABB6800C38F97 /* EssentialFeediOS.framework in Embed Frameworks */,
			);
			name = "Embed Frameworks";
			runOnlyForDeploymentPostprocessing = 0;
		};
/* End PBXCopyFilesBuildPhase section */

/* Begin PBXFileReference section */
		5E0A86AF2ACD8E0600315A4F /* FeedLoaderStub.swift */ = {isa = PBXFileReference; lastKnownFileType = sourcecode.swift; path = FeedLoaderStub.swift; sourceTree = "<group>"; };
		5E0A86B12ACD8F5700315A4F /* XCTestCase+Feedloader.swift */ = {isa = PBXFileReference; lastKnownFileType = sourcecode.swift; path = "XCTestCase+Feedloader.swift"; sourceTree = "<group>"; };
		5E0A86B92ACEBA4D00315A4F /* FeedImageDataLoaderSpy.swift */ = {isa = PBXFileReference; lastKnownFileType = sourcecode.swift; path = FeedImageDataLoaderSpy.swift; sourceTree = "<group>"; };
		5E0A86BB2ACEBB1B00315A4F /* XCTestCase+FeedImageDataLoader.swift */ = {isa = PBXFileReference; lastKnownFileType = sourcecode.swift; path = "XCTestCase+FeedImageDataLoader.swift"; sourceTree = "<group>"; };
		5E0A86C52ACED73C00315A4F /* EssentialAppUIAcceptenceTests.xctest */ = {isa = PBXFileReference; explicitFileType = wrapper.cfbundle; includeInIndex = 0; path = EssentialAppUIAcceptenceTests.xctest; sourceTree = BUILT_PRODUCTS_DIR; };
		5E0A86D22AD2E5EB00315A4F /* SceneDelegateTests.swift */ = {isa = PBXFileReference; lastKnownFileType = sourcecode.swift; path = SceneDelegateTests.swift; sourceTree = "<group>"; };
		5E0A86D52AD2EF6500315A4F /* FeedImageDataLoaderPresentationAdapter.swift */ = {isa = PBXFileReference; lastKnownFileType = sourcecode.swift; path = FeedImageDataLoaderPresentationAdapter.swift; sourceTree = "<group>"; };
		5E0A86D62AD2EF6500315A4F /* FeedViewAdapter.swift */ = {isa = PBXFileReference; lastKnownFileType = sourcecode.swift; path = FeedViewAdapter.swift; sourceTree = "<group>"; };
		5E0A86D72AD2EF6500315A4F /* WeakRefVirtualProxy.swift */ = {isa = PBXFileReference; lastKnownFileType = sourcecode.swift; path = WeakRefVirtualProxy.swift; sourceTree = "<group>"; };
		5E0A86D92AD2EF6500315A4F /* FeedLoaderPresentationAdapter.swift */ = {isa = PBXFileReference; lastKnownFileType = sourcecode.swift; path = FeedLoaderPresentationAdapter.swift; sourceTree = "<group>"; };
		5E0A86DA2AD2EF6600315A4F /* FeedUIComposer.swift */ = {isa = PBXFileReference; lastKnownFileType = sourcecode.swift; path = FeedUIComposer.swift; sourceTree = "<group>"; };
		5E0A86E12AD2EFD800315A4F /* FeedViewController+TestHelpers.swift */ = {isa = PBXFileReference; lastKnownFileType = sourcecode.swift; path = "FeedViewController+TestHelpers.swift"; sourceTree = "<group>"; };
		5E0A86E22AD2EFD800315A4F /* FeedImageCell+TestHelpers.swift */ = {isa = PBXFileReference; lastKnownFileType = sourcecode.swift; path = "FeedImageCell+TestHelpers.swift"; sourceTree = "<group>"; };
		5E0A86E32AD2EFD800315A4F /* UIRefreshControl+TestHelpers.swift */ = {isa = PBXFileReference; lastKnownFileType = sourcecode.swift; path = "UIRefreshControl+TestHelpers.swift"; sourceTree = "<group>"; };
		5E0A86E42AD2EFD800315A4F /* UIButton+TestHelper.swift */ = {isa = PBXFileReference; lastKnownFileType = sourcecode.swift; path = "UIButton+TestHelper.swift"; sourceTree = "<group>"; };
		5E0A86E52AD2EFD800315A4F /* FeedViewControllerTests+Assertions.swift */ = {isa = PBXFileReference; lastKnownFileType = sourcecode.swift; path = "FeedViewControllerTests+Assertions.swift"; sourceTree = "<group>"; };
		5E0A86E62AD2EFD800315A4F /* FeedViewControllerTests+Localization.swift */ = {isa = PBXFileReference; lastKnownFileType = sourcecode.swift; path = "FeedViewControllerTests+Localization.swift"; sourceTree = "<group>"; };
		5E0A86E72AD2EFD800315A4F /* UIControl+TestHelper.swift */ = {isa = PBXFileReference; lastKnownFileType = sourcecode.swift; path = "UIControl+TestHelper.swift"; sourceTree = "<group>"; };
		5E0A86E82AD2EFD800315A4F /* FeedViewControllerTests+LoaderSpy.swift */ = {isa = PBXFileReference; lastKnownFileType = sourcecode.swift; path = "FeedViewControllerTests+LoaderSpy.swift"; sourceTree = "<group>"; };
		5E0A86E92AD2EFD900315A4F /* UIImage+TestHelpers.swift */ = {isa = PBXFileReference; lastKnownFileType = sourcecode.swift; path = "UIImage+TestHelpers.swift"; sourceTree = "<group>"; };
		5E0A86F32AD2F48100315A4F /* FeedUIIntegrationTests.swift */ = {isa = PBXFileReference; lastKnownFileType = sourcecode.swift; path = FeedUIIntegrationTests.swift; sourceTree = "<group>"; };
		5E0A86F52AD41CC600315A4F /* FeedAcceptanceTests.swift */ = {isa = PBXFileReference; lastKnownFileType = sourcecode.swift; path = FeedAcceptanceTests.swift; sourceTree = "<group>"; };
		5EB7D89C2ACABA1900C38F97 /* EssentialApp.app */ = {isa = PBXFileReference; explicitFileType = wrapper.application; includeInIndex = 0; path = EssentialApp.app; sourceTree = BUILT_PRODUCTS_DIR; };
		5EB7D89F2ACABA1900C38F97 /* AppDelegate.swift */ = {isa = PBXFileReference; lastKnownFileType = sourcecode.swift; path = AppDelegate.swift; sourceTree = "<group>"; };
		5EB7D8A12ACABA1900C38F97 /* SceneDelegate.swift */ = {isa = PBXFileReference; lastKnownFileType = sourcecode.swift; path = SceneDelegate.swift; sourceTree = "<group>"; };
		5EB7D8A82ACABA1B00C38F97 /* Assets.xcassets */ = {isa = PBXFileReference; lastKnownFileType = folder.assetcatalog; path = Assets.xcassets; sourceTree = "<group>"; };
		5EB7D8AB2ACABA1B00C38F97 /* Base */ = {isa = PBXFileReference; lastKnownFileType = file.storyboard; name = Base; path = Base.lproj/LaunchScreen.storyboard; sourceTree = "<group>"; };
		5EB7D8AD2ACABA1B00C38F97 /* Info.plist */ = {isa = PBXFileReference; lastKnownFileType = text.plist.xml; path = Info.plist; sourceTree = "<group>"; };
		5EB7D8B22ACABA1B00C38F97 /* EssentialAppTests.xctest */ = {isa = PBXFileReference; explicitFileType = wrapper.cfbundle; includeInIndex = 0; path = EssentialAppTests.xctest; sourceTree = BUILT_PRODUCTS_DIR; };
		5EB7D8D02ACABB6100C38F97 /* EssentialFeed.framework */ = {isa = PBXFileReference; explicitFileType = wrapper.framework; path = EssentialFeed.framework; sourceTree = BUILT_PRODUCTS_DIR; };
		5EB7D8D42ACABB6800C38F97 /* EssentialFeediOS.framework */ = {isa = PBXFileReference; explicitFileType = wrapper.framework; path = EssentialFeediOS.framework; sourceTree = BUILT_PRODUCTS_DIR; };
		5EB7D8DF2ACC447D00C38F97 /* XCTestCase+MemoryLeakTracking.swift */ = {isa = PBXFileReference; lastKnownFileType = sourcecode.swift; path = "XCTestCase+MemoryLeakTracking.swift"; sourceTree = "<group>"; };
		5EB7D8E12ACC45CE00C38F97 /* SharedTestHelpers.swift */ = {isa = PBXFileReference; lastKnownFileType = sourcecode.swift; path = SharedTestHelpers.swift; sourceTree = "<group>"; };
/* End PBXFileReference section */

/* Begin PBXFrameworksBuildPhase section */
		5E0A86C22ACED73C00315A4F /* Frameworks */ = {
			isa = PBXFrameworksBuildPhase;
			buildActionMask = 2147483647;
			files = (
			);
			runOnlyForDeploymentPostprocessing = 0;
		};
		5EB7D8992ACABA1900C38F97 /* Frameworks */ = {
			isa = PBXFrameworksBuildPhase;
			buildActionMask = 2147483647;
			files = (
				5EB7D8D12ACABB6100C38F97 /* EssentialFeed.framework in Frameworks */,
				5EB7D8D52ACABB6800C38F97 /* EssentialFeediOS.framework in Frameworks */,
			);
			runOnlyForDeploymentPostprocessing = 0;
		};
		5EB7D8AF2ACABA1B00C38F97 /* Frameworks */ = {
			isa = PBXFrameworksBuildPhase;
			buildActionMask = 2147483647;
			files = (
			);
			runOnlyForDeploymentPostprocessing = 0;
		};
/* End PBXFrameworksBuildPhase section */

/* Begin PBXGroup section */
		5E0A86AE2ACD8B7400315A4F /* Helpers */ = {
			isa = PBXGroup;
			children = (
				5E0A86E92AD2EFD900315A4F /* UIImage+TestHelpers.swift */,
				5E0A86E32AD2EFD800315A4F /* UIRefreshControl+TestHelpers.swift */,
				5E0A86E42AD2EFD800315A4F /* UIButton+TestHelper.swift */,
				5E0A86E72AD2EFD800315A4F /* UIControl+TestHelper.swift */,
				5E0A86E12AD2EFD800315A4F /* FeedViewController+TestHelpers.swift */,
				5E0A86E22AD2EFD800315A4F /* FeedImageCell+TestHelpers.swift */,
				5E0A86E82AD2EFD800315A4F /* FeedViewControllerTests+LoaderSpy.swift */,
				5E0A86E52AD2EFD800315A4F /* FeedViewControllerTests+Assertions.swift */,
				5E0A86E62AD2EFD800315A4F /* FeedViewControllerTests+Localization.swift */,
				5E0A86BB2ACEBB1B00315A4F /* XCTestCase+FeedImageDataLoader.swift */,
				5E0A86B12ACD8F5700315A4F /* XCTestCase+Feedloader.swift */,
				5EB7D8DF2ACC447D00C38F97 /* XCTestCase+MemoryLeakTracking.swift */,
				5EB7D8E12ACC45CE00C38F97 /* SharedTestHelpers.swift */,
				5E0A86AF2ACD8E0600315A4F /* FeedLoaderStub.swift */,
				5E0A86B92ACEBA4D00315A4F /* FeedImageDataLoaderSpy.swift */,
			);
			path = Helpers;
			sourceTree = "<group>";
		};
		5EB7D8932ACABA1900C38F97 = {
			isa = PBXGroup;
			children = (
				5EB7D89E2ACABA1900C38F97 /* EssentialApp */,
				5EB7D8B52ACABA1B00C38F97 /* EssentialAppTests */,
				5EB7D89D2ACABA1900C38F97 /* Products */,
				5EB7D8CF2ACABB6100C38F97 /* Frameworks */,
			);
			sourceTree = "<group>";
		};
		5EB7D89D2ACABA1900C38F97 /* Products */ = {
			isa = PBXGroup;
			children = (
				5EB7D89C2ACABA1900C38F97 /* EssentialApp.app */,
				5EB7D8B22ACABA1B00C38F97 /* EssentialAppTests.xctest */,
				5E0A86C52ACED73C00315A4F /* EssentialAppUIAcceptenceTests.xctest */,
			);
			name = Products;
			sourceTree = "<group>";
		};
		5EB7D89E2ACABA1900C38F97 /* EssentialApp */ = {
			isa = PBXGroup;
			children = (
				5E0A86DA2AD2EF6600315A4F /* FeedUIComposer.swift */,
				5E0A86D72AD2EF6500315A4F /* WeakRefVirtualProxy.swift */,
				5E0A86D52AD2EF6500315A4F /* FeedImageDataLoaderPresentationAdapter.swift */,
				5E0A86D92AD2EF6500315A4F /* FeedLoaderPresentationAdapter.swift */,
				5E0A86D62AD2EF6500315A4F /* FeedViewAdapter.swift */,
				5EB7D89F2ACABA1900C38F97 /* AppDelegate.swift */,
				5EB7D8A12ACABA1900C38F97 /* SceneDelegate.swift */,
				5EB7D8A82ACABA1B00C38F97 /* Assets.xcassets */,
				5EB7D8AA2ACABA1B00C38F97 /* LaunchScreen.storyboard */,
				5EB7D8AD2ACABA1B00C38F97 /* Info.plist */,
			);
			path = EssentialApp;
			sourceTree = "<group>";
		};
		5EB7D8B52ACABA1B00C38F97 /* EssentialAppTests */ = {
			isa = PBXGroup;
			children = (
				5E0A86AE2ACD8B7400315A4F /* Helpers */,
				5E0A86F32AD2F48100315A4F /* FeedUIIntegrationTests.swift */,
				5E0A86D22AD2E5EB00315A4F /* SceneDelegateTests.swift */,
				5E0A86F52AD41CC600315A4F /* FeedAcceptanceTests.swift */,
			);
			path = EssentialAppTests;
			sourceTree = "<group>";
		};
		5EB7D8CF2ACABB6100C38F97 /* Frameworks */ = {
			isa = PBXGroup;
			children = (
				5EB7D8D42ACABB6800C38F97 /* EssentialFeediOS.framework */,
				5EB7D8D02ACABB6100C38F97 /* EssentialFeed.framework */,
			);
			name = Frameworks;
			sourceTree = "<group>";
		};
/* End PBXGroup section */

/* Begin PBXNativeTarget section */
		5E0A86C42ACED73C00315A4F /* EssentialAppUIAcceptenceTests */ = {
			isa = PBXNativeTarget;
			buildConfigurationList = 5E0A86CD2ACED73C00315A4F /* Build configuration list for PBXNativeTarget "EssentialAppUIAcceptenceTests" */;
			buildPhases = (
				5E0A86C12ACED73C00315A4F /* Sources */,
				5E0A86C22ACED73C00315A4F /* Frameworks */,
				5E0A86C32ACED73C00315A4F /* Resources */,
			);
			buildRules = (
			);
			dependencies = (
				5E0A86CC2ACED73C00315A4F /* PBXTargetDependency */,
			);
			name = EssentialAppUIAcceptenceTests;
			productName = EssentialAppUIAcceptenceTests;
			productReference = 5E0A86C52ACED73C00315A4F /* EssentialAppUIAcceptenceTests.xctest */;
			productType = "com.apple.product-type.bundle.ui-testing";
		};
		5EB7D89B2ACABA1900C38F97 /* EssentialApp */ = {
			isa = PBXNativeTarget;
			buildConfigurationList = 5EB7D8C62ACABA1B00C38F97 /* Build configuration list for PBXNativeTarget "EssentialApp" */;
			buildPhases = (
				5EB7D8982ACABA1900C38F97 /* Sources */,
				5EB7D8992ACABA1900C38F97 /* Frameworks */,
				5EB7D89A2ACABA1900C38F97 /* Resources */,
				5EB7D8D32ACABB6100C38F97 /* Embed Frameworks */,
			);
			buildRules = (
			);
			dependencies = (
			);
			name = EssentialApp;
			productName = EssentialApp;
			productReference = 5EB7D89C2ACABA1900C38F97 /* EssentialApp.app */;
			productType = "com.apple.product-type.application";
		};
		5EB7D8B12ACABA1B00C38F97 /* EssentialAppTests */ = {
			isa = PBXNativeTarget;
			buildConfigurationList = 5EB7D8C92ACABA1B00C38F97 /* Build configuration list for PBXNativeTarget "EssentialAppTests" */;
			buildPhases = (
				5EB7D8AE2ACABA1B00C38F97 /* Sources */,
				5EB7D8AF2ACABA1B00C38F97 /* Frameworks */,
				5EB7D8B02ACABA1B00C38F97 /* Resources */,
			);
			buildRules = (
			);
			dependencies = (
				5EB7D8B42ACABA1B00C38F97 /* PBXTargetDependency */,
			);
			name = EssentialAppTests;
			productName = EssentialAppTests;
			productReference = 5EB7D8B22ACABA1B00C38F97 /* EssentialAppTests.xctest */;
			productType = "com.apple.product-type.bundle.unit-test";
		};
/* End PBXNativeTarget section */

/* Begin PBXProject section */
		5EB7D8942ACABA1900C38F97 /* Project object */ = {
			isa = PBXProject;
			attributes = {
				BuildIndependentTargetsInParallel = 1;
				LastSwiftUpdateCheck = 1430;
				LastUpgradeCheck = 1430;
				TargetAttributes = {
					5E0A86C42ACED73C00315A4F = {
						CreatedOnToolsVersion = 14.3.1;
						TestTargetID = 5EB7D89B2ACABA1900C38F97;
					};
					5EB7D89B2ACABA1900C38F97 = {
						CreatedOnToolsVersion = 14.3.1;
					};
					5EB7D8B12ACABA1B00C38F97 = {
						CreatedOnToolsVersion = 14.3.1;
						LastSwiftMigration = 1430;
						TestTargetID = 5EB7D89B2ACABA1900C38F97;
					};
				};
			};
			buildConfigurationList = 5EB7D8972ACABA1900C38F97 /* Build configuration list for PBXProject "EssentialApp" */;
			compatibilityVersion = "Xcode 14.0";
			developmentRegion = en;
			hasScannedForEncodings = 0;
			knownRegions = (
				en,
				Base,
			);
			mainGroup = 5EB7D8932ACABA1900C38F97;
			productRefGroup = 5EB7D89D2ACABA1900C38F97 /* Products */;
			projectDirPath = "";
			projectRoot = "";
			targets = (
				5EB7D89B2ACABA1900C38F97 /* EssentialApp */,
				5EB7D8B12ACABA1B00C38F97 /* EssentialAppTests */,
				5E0A86C42ACED73C00315A4F /* EssentialAppUIAcceptenceTests */,
			);
		};
/* End PBXProject section */

/* Begin PBXResourcesBuildPhase section */
		5E0A86C32ACED73C00315A4F /* Resources */ = {
			isa = PBXResourcesBuildPhase;
			buildActionMask = 2147483647;
			files = (
			);
			runOnlyForDeploymentPostprocessing = 0;
		};
		5EB7D89A2ACABA1900C38F97 /* Resources */ = {
			isa = PBXResourcesBuildPhase;
			buildActionMask = 2147483647;
			files = (
				5EB7D8AC2ACABA1B00C38F97 /* LaunchScreen.storyboard in Resources */,
				5EB7D8A92ACABA1B00C38F97 /* Assets.xcassets in Resources */,
			);
			runOnlyForDeploymentPostprocessing = 0;
		};
		5EB7D8B02ACABA1B00C38F97 /* Resources */ = {
			isa = PBXResourcesBuildPhase;
			buildActionMask = 2147483647;
			files = (
			);
			runOnlyForDeploymentPostprocessing = 0;
		};
/* End PBXResourcesBuildPhase section */

/* Begin PBXSourcesBuildPhase section */
		5E0A86C12ACED73C00315A4F /* Sources */ = {
			isa = PBXSourcesBuildPhase;
			buildActionMask = 2147483647;
			files = (
			);
			runOnlyForDeploymentPostprocessing = 0;
		};
		5EB7D8982ACABA1900C38F97 /* Sources */ = {
			isa = PBXSourcesBuildPhase;
			buildActionMask = 2147483647;
			files = (
				5E0A86DD2AD2EF6600315A4F /* WeakRefVirtualProxy.swift in Sources */,
				5E0A86DF2AD2EF6600315A4F /* FeedImageDataLoaderPresentationAdapter.swift in Sources */,
				5E0A86DB2AD2EF6600315A4F /* FeedUIComposer.swift in Sources */,
				5EB7D8A02ACABA1900C38F97 /* AppDelegate.swift in Sources */,
				5E0A86DC2AD2EF6600315A4F /* FeedViewAdapter.swift in Sources */,
				5EB7D8A22ACABA1900C38F97 /* SceneDelegate.swift in Sources */,
				5E0A86E02AD2EF6600315A4F /* FeedLoaderPresentationAdapter.swift in Sources */,
			);
			runOnlyForDeploymentPostprocessing = 0;
		};
		5EB7D8AE2ACABA1B00C38F97 /* Sources */ = {
			isa = PBXSourcesBuildPhase;
			buildActionMask = 2147483647;
			files = (
				5EB7D8E22ACC45CE00C38F97 /* SharedTestHelpers.swift in Sources */,
				5E0A86F22AD2EFD900315A4F /* UIImage+TestHelpers.swift in Sources */,
				5E0A86F62AD41CC600315A4F /* FeedAcceptanceTests.swift in Sources */,
				5E0A86BC2ACEBB1B00315A4F /* XCTestCase+FeedImageDataLoader.swift in Sources */,
				5E0A86F02AD2EFD900315A4F /* FeedViewControllerTests+LoaderSpy.swift in Sources */,
				5E0A86EA2AD2EFD900315A4F /* FeedViewController+TestHelpers.swift in Sources */,
				5E0A86EC2AD2EFD900315A4F /* FeedViewControllerTests+Assertions.swift in Sources */,
				5E0A86D42AD2ED9700315A4F /* SceneDelegateTests.swift in Sources */,
				5E0A86B22ACD8F5700315A4F /* XCTestCase+Feedloader.swift in Sources */,
				5E0A86BA2ACEBA4D00315A4F /* FeedImageDataLoaderSpy.swift in Sources */,
				5E0A86EB2AD2EFD900315A4F /* UIRefreshControl+TestHelpers.swift in Sources */,
				5E0A86ED2AD2EFD900315A4F /* UIButton+TestHelper.swift in Sources */,
				5EB7D8E02ACC447D00C38F97 /* XCTestCase+MemoryLeakTracking.swift in Sources */,
				5E0A86F12AD2EFD900315A4F /* UIControl+TestHelper.swift in Sources */,
				5E0A86EF2AD2EFD900315A4F /* FeedImageCell+TestHelpers.swift in Sources */,
				5E0A86B02ACD8E0600315A4F /* FeedLoaderStub.swift in Sources */,
				5E0A86F42AD2F48100315A4F /* FeedUIIntegrationTests.swift in Sources */,
				5E0A86EE2AD2EFD900315A4F /* FeedViewControllerTests+Localization.swift in Sources */,
			);
			runOnlyForDeploymentPostprocessing = 0;
		};
/* End PBXSourcesBuildPhase section */

/* Begin PBXTargetDependency section */
		5E0A86CC2ACED73C00315A4F /* PBXTargetDependency */ = {
			isa = PBXTargetDependency;
			target = 5EB7D89B2ACABA1900C38F97 /* EssentialApp */;
			targetProxy = 5E0A86CB2ACED73C00315A4F /* PBXContainerItemProxy */;
		};
		5EB7D8B42ACABA1B00C38F97 /* PBXTargetDependency */ = {
			isa = PBXTargetDependency;
			target = 5EB7D89B2ACABA1900C38F97 /* EssentialApp */;
			targetProxy = 5EB7D8B32ACABA1B00C38F97 /* PBXContainerItemProxy */;
		};
/* End PBXTargetDependency section */

/* Begin PBXVariantGroup section */
		5EB7D8AA2ACABA1B00C38F97 /* LaunchScreen.storyboard */ = {
			isa = PBXVariantGroup;
			children = (
				5EB7D8AB2ACABA1B00C38F97 /* Base */,
			);
			name = LaunchScreen.storyboard;
			sourceTree = "<group>";
		};
/* End PBXVariantGroup section */

/* Begin XCBuildConfiguration section */
		5E0A86CE2ACED73C00315A4F /* Debug */ = {
			isa = XCBuildConfiguration;
			buildSettings = {
				CODE_SIGN_STYLE = Automatic;
				CURRENT_PROJECT_VERSION = 1;
				DEVELOPMENT_TEAM = 65AZA3858V;
				GENERATE_INFOPLIST_FILE = YES;
				MARKETING_VERSION = 1.0;
				PRODUCT_BUNDLE_IDENTIFIER = liliaexamples.com.EssentialAppUIAcceptenceTests;
				PRODUCT_NAME = "$(TARGET_NAME)";
				SWIFT_EMIT_LOC_STRINGS = NO;
				SWIFT_VERSION = 5.0;
				TARGETED_DEVICE_FAMILY = "1,2";
				TEST_TARGET_NAME = EssentialApp;
			};
			name = Debug;
		};
		5E0A86CF2ACED73C00315A4F /* Release */ = {
			isa = XCBuildConfiguration;
			buildSettings = {
				CODE_SIGN_STYLE = Automatic;
				CURRENT_PROJECT_VERSION = 1;
				DEVELOPMENT_TEAM = 65AZA3858V;
				GENERATE_INFOPLIST_FILE = YES;
				MARKETING_VERSION = 1.0;
				PRODUCT_BUNDLE_IDENTIFIER = liliaexamples.com.EssentialAppUIAcceptenceTests;
				PRODUCT_NAME = "$(TARGET_NAME)";
				SWIFT_EMIT_LOC_STRINGS = NO;
				SWIFT_VERSION = 5.0;
				TARGETED_DEVICE_FAMILY = "1,2";
				TEST_TARGET_NAME = EssentialApp;
			};
			name = Release;
		};
		5EB7D8C42ACABA1B00C38F97 /* Debug */ = {
			isa = XCBuildConfiguration;
			buildSettings = {
				ALWAYS_SEARCH_USER_PATHS = NO;
				CLANG_ANALYZER_NONNULL = YES;
				CLANG_ANALYZER_NUMBER_OBJECT_CONVERSION = YES_AGGRESSIVE;
				CLANG_CXX_LANGUAGE_STANDARD = "gnu++20";
				CLANG_ENABLE_MODULES = YES;
				CLANG_ENABLE_OBJC_ARC = YES;
				CLANG_ENABLE_OBJC_WEAK = YES;
				CLANG_WARN_BLOCK_CAPTURE_AUTORELEASING = YES;
				CLANG_WARN_BOOL_CONVERSION = YES;
				CLANG_WARN_COMMA = YES;
				CLANG_WARN_CONSTANT_CONVERSION = YES;
				CLANG_WARN_DEPRECATED_OBJC_IMPLEMENTATIONS = YES;
				CLANG_WARN_DIRECT_OBJC_ISA_USAGE = YES_ERROR;
				CLANG_WARN_DOCUMENTATION_COMMENTS = YES;
				CLANG_WARN_EMPTY_BODY = YES;
				CLANG_WARN_ENUM_CONVERSION = YES;
				CLANG_WARN_INFINITE_RECURSION = YES;
				CLANG_WARN_INT_CONVERSION = YES;
				CLANG_WARN_NON_LITERAL_NULL_CONVERSION = YES;
				CLANG_WARN_OBJC_IMPLICIT_RETAIN_SELF = YES;
				CLANG_WARN_OBJC_LITERAL_CONVERSION = YES;
				CLANG_WARN_OBJC_ROOT_CLASS = YES_ERROR;
				CLANG_WARN_QUOTED_INCLUDE_IN_FRAMEWORK_HEADER = YES;
				CLANG_WARN_RANGE_LOOP_ANALYSIS = YES;
				CLANG_WARN_STRICT_PROTOTYPES = YES;
				CLANG_WARN_SUSPICIOUS_MOVE = YES;
				CLANG_WARN_UNGUARDED_AVAILABILITY = YES_AGGRESSIVE;
				CLANG_WARN_UNREACHABLE_CODE = YES;
				CLANG_WARN__DUPLICATE_METHOD_MATCH = YES;
				COPY_PHASE_STRIP = NO;
				DEBUG_INFORMATION_FORMAT = dwarf;
				ENABLE_STRICT_OBJC_MSGSEND = YES;
				ENABLE_TESTABILITY = YES;
				GCC_C_LANGUAGE_STANDARD = gnu11;
				GCC_DYNAMIC_NO_PIC = NO;
				GCC_NO_COMMON_BLOCKS = YES;
				GCC_OPTIMIZATION_LEVEL = 0;
				GCC_PREPROCESSOR_DEFINITIONS = (
					"DEBUG=1",
					"$(inherited)",
				);
				GCC_WARN_64_TO_32_BIT_CONVERSION = YES;
				GCC_WARN_ABOUT_RETURN_TYPE = YES_ERROR;
				GCC_WARN_UNDECLARED_SELECTOR = YES;
				GCC_WARN_UNINITIALIZED_AUTOS = YES_AGGRESSIVE;
				GCC_WARN_UNUSED_FUNCTION = YES;
				GCC_WARN_UNUSED_VARIABLE = YES;
				IPHONEOS_DEPLOYMENT_TARGET = 16.4;
				MTL_ENABLE_DEBUG_INFO = INCLUDE_SOURCE;
				MTL_FAST_MATH = YES;
				ONLY_ACTIVE_ARCH = YES;
				SDKROOT = iphoneos;
				SWIFT_ACTIVE_COMPILATION_CONDITIONS = DEBUG;
				SWIFT_OPTIMIZATION_LEVEL = "-Onone";
			};
			name = Debug;
		};
		5EB7D8C52ACABA1B00C38F97 /* Release */ = {
			isa = XCBuildConfiguration;
			buildSettings = {
				ALWAYS_SEARCH_USER_PATHS = NO;
				CLANG_ANALYZER_NONNULL = YES;
				CLANG_ANALYZER_NUMBER_OBJECT_CONVERSION = YES_AGGRESSIVE;
				CLANG_CXX_LANGUAGE_STANDARD = "gnu++20";
				CLANG_ENABLE_MODULES = YES;
				CLANG_ENABLE_OBJC_ARC = YES;
				CLANG_ENABLE_OBJC_WEAK = YES;
				CLANG_WARN_BLOCK_CAPTURE_AUTORELEASING = YES;
				CLANG_WARN_BOOL_CONVERSION = YES;
				CLANG_WARN_COMMA = YES;
				CLANG_WARN_CONSTANT_CONVERSION = YES;
				CLANG_WARN_DEPRECATED_OBJC_IMPLEMENTATIONS = YES;
				CLANG_WARN_DIRECT_OBJC_ISA_USAGE = YES_ERROR;
				CLANG_WARN_DOCUMENTATION_COMMENTS = YES;
				CLANG_WARN_EMPTY_BODY = YES;
				CLANG_WARN_ENUM_CONVERSION = YES;
				CLANG_WARN_INFINITE_RECURSION = YES;
				CLANG_WARN_INT_CONVERSION = YES;
				CLANG_WARN_NON_LITERAL_NULL_CONVERSION = YES;
				CLANG_WARN_OBJC_IMPLICIT_RETAIN_SELF = YES;
				CLANG_WARN_OBJC_LITERAL_CONVERSION = YES;
				CLANG_WARN_OBJC_ROOT_CLASS = YES_ERROR;
				CLANG_WARN_QUOTED_INCLUDE_IN_FRAMEWORK_HEADER = YES;
				CLANG_WARN_RANGE_LOOP_ANALYSIS = YES;
				CLANG_WARN_STRICT_PROTOTYPES = YES;
				CLANG_WARN_SUSPICIOUS_MOVE = YES;
				CLANG_WARN_UNGUARDED_AVAILABILITY = YES_AGGRESSIVE;
				CLANG_WARN_UNREACHABLE_CODE = YES;
				CLANG_WARN__DUPLICATE_METHOD_MATCH = YES;
				COPY_PHASE_STRIP = NO;
				DEBUG_INFORMATION_FORMAT = "dwarf-with-dsym";
				ENABLE_NS_ASSERTIONS = NO;
				ENABLE_STRICT_OBJC_MSGSEND = YES;
				GCC_C_LANGUAGE_STANDARD = gnu11;
				GCC_NO_COMMON_BLOCKS = YES;
				GCC_WARN_64_TO_32_BIT_CONVERSION = YES;
				GCC_WARN_ABOUT_RETURN_TYPE = YES_ERROR;
				GCC_WARN_UNDECLARED_SELECTOR = YES;
				GCC_WARN_UNINITIALIZED_AUTOS = YES_AGGRESSIVE;
				GCC_WARN_UNUSED_FUNCTION = YES;
				GCC_WARN_UNUSED_VARIABLE = YES;
				IPHONEOS_DEPLOYMENT_TARGET = 16.4;
				MTL_ENABLE_DEBUG_INFO = NO;
				MTL_FAST_MATH = YES;
				SDKROOT = iphoneos;
				SWIFT_COMPILATION_MODE = wholemodule;
				SWIFT_OPTIMIZATION_LEVEL = "-O";
				VALIDATE_PRODUCT = YES;
			};
			name = Release;
		};
		5EB7D8C72ACABA1B00C38F97 /* Debug */ = {
			isa = XCBuildConfiguration;
			buildSettings = {
				ASSETCATALOG_COMPILER_APPICON_NAME = AppIcon;
				ASSETCATALOG_COMPILER_GLOBAL_ACCENT_COLOR_NAME = AccentColor;
				CODE_SIGN_STYLE = Automatic;
				CURRENT_PROJECT_VERSION = 1;
				DEVELOPMENT_TEAM = 65AZA3858V;
				GENERATE_INFOPLIST_FILE = YES;
				INFOPLIST_FILE = EssentialApp/Info.plist;
				INFOPLIST_KEY_UIApplicationSupportsIndirectInputEvents = YES;
				INFOPLIST_KEY_UILaunchStoryboardName = LaunchScreen;
				INFOPLIST_KEY_UIMainStoryboardFile = "";
				INFOPLIST_KEY_UISupportedInterfaceOrientations = UIInterfaceOrientationPortrait;
				LD_RUNPATH_SEARCH_PATHS = (
					"$(inherited)",
					"@executable_path/Frameworks",
				);
				MARKETING_VERSION = 1.0;
				PRODUCT_BUNDLE_IDENTIFIER = liliaexamples.com.EssentialApp;
				PRODUCT_NAME = "$(TARGET_NAME)";
				SWIFT_EMIT_LOC_STRINGS = YES;
				SWIFT_VERSION = 5.0;
				TARGETED_DEVICE_FAMILY = "1,2";
			};
			name = Debug;
		};
		5EB7D8C82ACABA1B00C38F97 /* Release */ = {
			isa = XCBuildConfiguration;
			buildSettings = {
				ASSETCATALOG_COMPILER_APPICON_NAME = AppIcon;
				ASSETCATALOG_COMPILER_GLOBAL_ACCENT_COLOR_NAME = AccentColor;
				CODE_SIGN_STYLE = Automatic;
				CURRENT_PROJECT_VERSION = 1;
				DEVELOPMENT_TEAM = 65AZA3858V;
				GENERATE_INFOPLIST_FILE = YES;
				INFOPLIST_FILE = EssentialApp/Info.plist;
				INFOPLIST_KEY_UIApplicationSupportsIndirectInputEvents = YES;
				INFOPLIST_KEY_UILaunchStoryboardName = LaunchScreen;
				INFOPLIST_KEY_UIMainStoryboardFile = "";
				INFOPLIST_KEY_UISupportedInterfaceOrientations = UIInterfaceOrientationPortrait;
				LD_RUNPATH_SEARCH_PATHS = (
					"$(inherited)",
					"@executable_path/Frameworks",
				);
				MARKETING_VERSION = 1.0;
				PRODUCT_BUNDLE_IDENTIFIER = liliaexamples.com.EssentialApp;
				PRODUCT_NAME = "$(TARGET_NAME)";
				SWIFT_EMIT_LOC_STRINGS = YES;
				SWIFT_VERSION = 5.0;
				TARGETED_DEVICE_FAMILY = "1,2";
			};
			name = Release;
		};
		5EB7D8CA2ACABA1B00C38F97 /* Debug */ = {
			isa = XCBuildConfiguration;
			buildSettings = {
				ALWAYS_EMBED_SWIFT_STANDARD_LIBRARIES = YES;
				BUNDLE_LOADER = "$(TEST_HOST)";
				CLANG_ENABLE_MODULES = YES;
				CODE_SIGN_STYLE = Automatic;
				CURRENT_PROJECT_VERSION = 1;
				DEVELOPMENT_TEAM = 65AZA3858V;
				GENERATE_INFOPLIST_FILE = YES;
				IPHONEOS_DEPLOYMENT_TARGET = 16.4;
				MARKETING_VERSION = 1.0;
				PRODUCT_BUNDLE_IDENTIFIER = liliaexamples.com.EssentialAppTests;
				PRODUCT_NAME = "$(TARGET_NAME)";
				SWIFT_EMIT_LOC_STRINGS = NO;
				SWIFT_OPTIMIZATION_LEVEL = "-Onone";
				SWIFT_VERSION = 5.0;
				TARGETED_DEVICE_FAMILY = "1,2";
				TEST_HOST = "$(BUILT_PRODUCTS_DIR)/EssentialApp.app/$(BUNDLE_EXECUTABLE_FOLDER_PATH)/EssentialApp";
			};
			name = Debug;
		};
		5EB7D8CB2ACABA1B00C38F97 /* Release */ = {
			isa = XCBuildConfiguration;
			buildSettings = {
				ALWAYS_EMBED_SWIFT_STANDARD_LIBRARIES = YES;
				BUNDLE_LOADER = "$(TEST_HOST)";
				CLANG_ENABLE_MODULES = YES;
				CODE_SIGN_STYLE = Automatic;
				CURRENT_PROJECT_VERSION = 1;
				DEVELOPMENT_TEAM = 65AZA3858V;
				GENERATE_INFOPLIST_FILE = YES;
				IPHONEOS_DEPLOYMENT_TARGET = 16.4;
				MARKETING_VERSION = 1.0;
				PRODUCT_BUNDLE_IDENTIFIER = liliaexamples.com.EssentialAppTests;
				PRODUCT_NAME = "$(TARGET_NAME)";
				SWIFT_EMIT_LOC_STRINGS = NO;
				SWIFT_VERSION = 5.0;
				TARGETED_DEVICE_FAMILY = "1,2";
				TEST_HOST = "$(BUILT_PRODUCTS_DIR)/EssentialApp.app/$(BUNDLE_EXECUTABLE_FOLDER_PATH)/EssentialApp";
			};
			name = Release;
		};
/* End XCBuildConfiguration section */

/* Begin XCConfigurationList section */
		5E0A86CD2ACED73C00315A4F /* Build configuration list for PBXNativeTarget "EssentialAppUIAcceptenceTests" */ = {
			isa = XCConfigurationList;
			buildConfigurations = (
				5E0A86CE2ACED73C00315A4F /* Debug */,
				5E0A86CF2ACED73C00315A4F /* Release */,
			);
			defaultConfigurationIsVisible = 0;
			defaultConfigurationName = Release;
		};
		5EB7D8972ACABA1900C38F97 /* Build configuration list for PBXProject "EssentialApp" */ = {
			isa = XCConfigurationList;
			buildConfigurations = (
				5EB7D8C42ACABA1B00C38F97 /* Debug */,
				5EB7D8C52ACABA1B00C38F97 /* Release */,
			);
			defaultConfigurationIsVisible = 0;
			defaultConfigurationName = Release;
		};
		5EB7D8C62ACABA1B00C38F97 /* Build configuration list for PBXNativeTarget "EssentialApp" */ = {
			isa = XCConfigurationList;
			buildConfigurations = (
				5EB7D8C72ACABA1B00C38F97 /* Debug */,
				5EB7D8C82ACABA1B00C38F97 /* Release */,
			);
			defaultConfigurationIsVisible = 0;
			defaultConfigurationName = Release;
		};
		5EB7D8C92ACABA1B00C38F97 /* Build configuration list for PBXNativeTarget "EssentialAppTests" */ = {
			isa = XCConfigurationList;
			buildConfigurations = (
				5EB7D8CA2ACABA1B00C38F97 /* Debug */,
				5EB7D8CB2ACABA1B00C38F97 /* Release */,
			);
			defaultConfigurationIsVisible = 0;
			defaultConfigurationName = Release;
		};
/* End XCConfigurationList section */
	};
	rootObject = 5EB7D8942ACABA1900C38F97 /* Project object */;
}
